
Microsoft Visual Studio Solution File, Format Version 12.00
# Visual Studio Version 17
VisualStudioVersion = 17.0.32112.339
MinimumVisualStudioVersion = 10.0.40219.1
Project("{8BC9CEB8-8B4A-11D0-8D11-00A0C91BC942}") = "Sandbox", "Sandbox\Sandbox.vcxproj", "{52A023EA-1361-49A2-BCAA-09A923EFC6D7}"
EndProject
Project("{8BC9CEB8-8B4A-11D0-8D11-00A0C91BC942}") = "Atlas", "Atlas\Atlas.vcxproj", "{9EDE9548-DAC6-482F-96F8-2CD2BA014486}"
EndProject
Global
	GlobalSection(SolutionConfigurationPlatforms) = preSolution
		Debug|x64 = Debug|x64
		Release|x64 = Release|x64
	EndGlobalSection
	GlobalSection(ProjectConfigurationPlatforms) = postSolution
		{52A023EA-1361-49A2-BCAA-09A923EFC6D7}.Debug|x64.ActiveCfg = Debug|x64
		{52A023EA-1361-49A2-BCAA-09A923EFC6D7}.Debug|x64.Build.0 = Debug|x64
		{52A023EA-1361-49A2-BCAA-09A923EFC6D7}.Release|x64.ActiveCfg = Release|x64
		{52A023EA-1361-49A2-BCAA-09A923EFC6D7}.Release|x64.Build.0 = Release|x64
		{9EDE9548-DAC6-482F-96F8-2CD2BA014486}.Debug|x64.ActiveCfg = Debug|x64
		{9EDE9548-DAC6-482F-96F8-2CD2BA014486}.Debug|x64.Build.0 = Debug|x64
		{9EDE9548-DAC6-482F-96F8-2CD2BA014486}.Release|x64.ActiveCfg = Release|x64
		{9EDE9548-DAC6-482F-96F8-2CD2BA014486}.Release|x64.Build.0 = Release|x64
	EndGlobalSection
	GlobalSection(SolutionProperties) = preSolution
		HideSolutionNode = FALSE
	EndGlobalSection
	GlobalSection(ExtensibilityGlobals) = postSolution
		SolutionGuid = {D417D1EA-4453-4363-A369-E643FE43E43D}
	EndGlobalSection
EndGlobal
