<?xml version="1.0" encoding="utf-8"?>
<Project ToolsVersion="4.0" xmlns="http://schemas.microsoft.com/developer/msbuild/2003">
  <ItemGroup>
    <Filter Include="Source Files">
      <UniqueIdentifier>{E9C7FDCE-D52A-8D73-7EB0-C5296AF258F6}</UniqueIdentifier>
    </Filter>
    <Filter Include="Source Files\src">
      <UniqueIdentifier>{80521D27-6C4B-3C79-957D-21FE81D51B85}</UniqueIdentifier>
    </Filter>
    <Filter Include="Source Files\src\engine">
      <UniqueIdentifier>{258122B1-91B8-6A48-9AC2-CE6B06799141}</UniqueIdentifier>
    </Filter>
    <Filter Include="Source Files\src\engine\ECS">
      <UniqueIdentifier>{EF7F3393-5B8D-6179-E473-5D6450802D30}</UniqueIdentifier>
    </Filter>
    <Filter Include="Source Files\src\engine\audio">
      <UniqueIdentifier>{06A72930-72BF-105A-3B6C-A0F3A743A5F3}</UniqueIdentifier>
    </Filter>
    <Filter Include="Source Files\src\engine\core">
      <UniqueIdentifier>{BDB0B4F9-A96B-A4A5-5223-1DF03EBDEE35}</UniqueIdentifier>
    </Filter>
    <Filter Include="Source Files\src\engine\imGui">
      <UniqueIdentifier>{2F8EB530-9BA6-9C5A-6453-2CF4D02A31F4}</UniqueIdentifier>
    </Filter>
    <Filter Include="Source Files\src\engine\renderer">
      <UniqueIdentifier>{8B7AD0FE-77CB-BB40-A02F-AA028CDF4EAA}</UniqueIdentifier>
    </Filter>
    <Filter Include="Source Files\src\engine\scene">
      <UniqueIdentifier>{22866531-8E9E-4C5B-574B-DCF4C322E1F4}</UniqueIdentifier>
    </Filter>
    <Filter Include="Source Files\src\engine\utils">
      <UniqueIdentifier>{651A9331-D132-7A5B-9ADF-09F506B70EF5}</UniqueIdentifier>
    </Filter>
    <Filter Include="Source Files\src\platform">
      <UniqueIdentifier>{F4FA6A03-60BD-9E8D-A96D-2D1A156F776B}</UniqueIdentifier>
    </Filter>
    <Filter Include="Source Files\src\platform\openGL">
      <UniqueIdentifier>{C85DCE6D-B4AE-B9AF-DD12-A871C9C24C19}</UniqueIdentifier>
    </Filter>
    <Filter Include="Source Files\src\platform\windows">
      <UniqueIdentifier>{4EF1B57F-BA5F-0BFF-0349-C6FE6FF6009B}</UniqueIdentifier>
    </Filter>
    <Filter Include="Source Files\thirdparty">
      <UniqueIdentifier>{437125D5-AFA8-6D6C-B8B2-D18F24699465}</UniqueIdentifier>
    </Filter>
    <Filter Include="Source Files\thirdparty\ImGuizmo">
      <UniqueIdentifier>{03FFE15D-EF4F-CD9F-18B4-BB6104646009}</UniqueIdentifier>
    </Filter>
    <Filter Include="Source Files\thirdparty\ImGuizmo\example">
      <UniqueIdentifier>{DE63BADE-CAE0-AD21-F35D-AE35DF394AB5}</UniqueIdentifier>
    </Filter>
    <Filter Include="Source Files\thirdparty\stb_image">
      <UniqueIdentifier>{9DD16497-0940-BA16-5229-7516BED6AFB2}</UniqueIdentifier>
    </Filter>
    <Filter Include="Header Files">
      <UniqueIdentifier>{21EB8090-0D4E-1035-B6D3-48EBA215DCB7}</UniqueIdentifier>
    </Filter>
    <Filter Include="Header Files\src">
      <UniqueIdentifier>{B8516F6F-A44A-8EC1-CD7C-7346B9D46DCD}</UniqueIdentifier>
    </Filter>
    <Filter Include="Header Files\src\engine">
      <UniqueIdentifier>{5D31C695-C968-0E2D-D272-72503E293526}</UniqueIdentifier>
    </Filter>
    <Filter Include="Header Files\src\engine\ECS">
      <UniqueIdentifier>{278C2486-9399-526C-1C80-4E57888C1E23}</UniqueIdentifier>
    </Filter>
    <Filter Include="Header Files\src\engine\audio">
      <UniqueIdentifier>{3EA18EA3-AAB9-75CD-7366-0567DF3D0A67}</UniqueIdentifier>
    </Filter>
    <Filter Include="Header Files\src\engine\core">
      <UniqueIdentifier>{F543C74A-E1FE-B6F6-8AB6-2F4176500187}</UniqueIdentifier>
    </Filter>
    <Filter Include="Header Files\src\engine\debug">
      <UniqueIdentifier>{B31DBCA3-1F36-A3CD-E8E2-326754BA3767}</UniqueIdentifier>
    </Filter>
    <Filter Include="Header Files\src\engine\events">
      <UniqueIdentifier>{C126CA1E-AD4C-9485-9692-19518257B951}</UniqueIdentifier>
    </Filter>
    <Filter Include="Header Files\src\engine\imGui">
      <UniqueIdentifier>{67881AA4-D3A0-01CE-9C4D-916708259667}</UniqueIdentifier>
    </Filter>
    <Filter Include="Header Files\src\engine\renderer">
      <UniqueIdentifier>{C3E9E9F0-AF3A-D532-D89E-C3F4C44E689C}</UniqueIdentifier>
    </Filter>
    <Filter Include="Header Files\src\engine\scene">
      <UniqueIdentifier>{5A80CAA4-C698-B1CE-8F45-4168FB1C4668}</UniqueIdentifier>
    </Filter>
    <Filter Include="Header Files\src\engine\utils">
      <UniqueIdentifier>{9D14F8A4-092D-DFCE-D2D9-6E683EB17368}</UniqueIdentifier>
    </Filter>
    <Filter Include="Header Files\src\platform">
      <UniqueIdentifier>{2C99BB9F-985B-EF29-E10B-7EB64D0DC807}</UniqueIdentifier>
    </Filter>
    <Filter Include="Header Files\src\platform\openGL">
      <UniqueIdentifier>{00CDE75F-EC1D-D3A1-1582-C1630132660B}</UniqueIdentifier>
    </Filter>
    <Filter Include="Header Files\src\platform\windows">
      <UniqueIdentifier>{8647FDB4-F2B5-5234-3B9F-0D34A74C48D0}</UniqueIdentifier>
    </Filter>
    <Filter Include="Header Files\thirdparty">
      <UniqueIdentifier>{7B21C9B9-E758-1151-F062-75745C19384A}</UniqueIdentifier>
    </Filter>
    <Filter Include="Header Files\thirdparty\ImGuizmo">
      <UniqueIdentifier>{3B6EFB4F-27BF-E691-5023-D5533CD379FB}</UniqueIdentifier>
    </Filter>
    <Filter Include="Header Files\thirdparty\ImGuizmo\example">
      <UniqueIdentifier>{168B0B4A-0208-FF8C-2B85-FFA017619B20}</UniqueIdentifier>
    </Filter>
    <Filter Include="Header Files\thirdparty\glm">
      <UniqueIdentifier>{4AF13ED4-B6FE-6CBA-3FE5-68A5ABF13871}</UniqueIdentifier>
    </Filter>
    <Filter Include="Header Files\thirdparty\glm\glm">
      <UniqueIdentifier>{9910A6D1-05F4-B411-0EF7-E24D7A597B62}</UniqueIdentifier>
    </Filter>
    <Filter Include="Header Files\thirdparty\glm\glm\detail">
      <UniqueIdentifier>{3B42261E-2794-FD0D-10B3-3A1EFCA316F7}</UniqueIdentifier>
    </Filter>
    <Filter Include="Header Files\thirdparty\glm\glm\ext">
      <UniqueIdentifier>{79381A61-E5F1-840B-6E51-9FE5DA093B7B}</UniqueIdentifier>
    </Filter>
    <Filter Include="Header Files\thirdparty\glm\glm\gtc">
      <UniqueIdentifier>{66401A61-D2F9-840B-5B59-9FE5C7113B7B}</UniqueIdentifier>
    </Filter>
    <Filter Include="Header Files\thirdparty\glm\glm\gtx">
      <UniqueIdentifier>{7B401A61-E7F9-840B-7059-9FE5DC113B7B}</UniqueIdentifier>
    </Filter>
    <Filter Include="Header Files\thirdparty\stb_image">
      <UniqueIdentifier>{D527ACCC-4196-014C-8A7F-BC4BF62CF7E7}</UniqueIdentifier>
    </Filter>
    <Filter Include="thirdparty">
      <UniqueIdentifier>{50A5DA7C-3C5D-1CCA-A564-F525913BB7BA}</UniqueIdentifier>
    </Filter>
    <Filter Include="thirdparty\glm">
      <UniqueIdentifier>{9F576809-8B25-5C0F-74B9-CC3560263874}</UniqueIdentifier>
    </Filter>
    <Filter Include="thirdparty\glm\glm">
      <UniqueIdentifier>{6E9914AF-5A7D-D504-C3DD-CF57AFE0BF86}</UniqueIdentifier>
    </Filter>
    <Filter Include="thirdparty\glm\glm\detail">
      <UniqueIdentifier>{70E9B15F-DCAB-E5E9-255C-7476915DBEC7}</UniqueIdentifier>
    </Filter>
    <Filter Include="thirdparty\glm\glm\ext">
      <UniqueIdentifier>{CE239BF1-BA1D-C443-A38A-5A548F232AB0}</UniqueIdentifier>
    </Filter>
    <Filter Include="thirdparty\glm\glm\gtc">
      <UniqueIdentifier>{BB2B9BF1-A725-C443-9092-5A547C2B2AB0}</UniqueIdentifier>
    </Filter>
    <Filter Include="thirdparty\glm\glm\gtx">
      <UniqueIdentifier>{D02B9BF1-BC25-C443-A592-5A54912B2AB0}</UniqueIdentifier>
    </Filter>
  </ItemGroup>
  <ItemGroup>
    <ClInclude Include="src\Polarity.h">
      <Filter>Header Files\src</Filter>
    </ClInclude>
    <ClInclude Include="src\engine\ECS\ComponentManager.h">
      <Filter>Header Files\src\engine\ECS</Filter>
    </ClInclude>
    <ClInclude Include="src\engine\ECS\EntityManager.h">
      <Filter>Header Files\src\engine\ECS</Filter>
    </ClInclude>
    <ClInclude Include="src\engine\ECS\Registry.h">
      <Filter>Header Files\src\engine\ECS</Filter>
    </ClInclude>
    <ClInclude Include="src\engine\ECS\SystemManager.h">
      <Filter>Header Files\src\engine\ECS</Filter>
    </ClInclude>
    <ClInclude Include="src\engine\ECS\Types.h">
      <Filter>Header Files\src\engine\ECS</Filter>
    </ClInclude>
    <ClInclude Include="src\engine\audio\Audio.h">
      <Filter>Header Files\src\engine\audio</Filter>
    </ClInclude>
    <ClInclude Include="src\engine\core\Application.h">
      <Filter>Header Files\src\engine\core</Filter>
    </ClInclude>
    <ClInclude Include="src\engine\core\Core.h">
      <Filter>Header Files\src\engine\core</Filter>
    </ClInclude>
    <ClInclude Include="src\engine\core\EntryPoint.h">
      <Filter>Header Files\src\engine\core</Filter>
    </ClInclude>
    <ClInclude Include="src\engine\core\Input.h">
      <Filter>Header Files\src\engine\core</Filter>
    </ClInclude>
    <ClInclude Include="src\engine\core\Keycodes.h">
      <Filter>Header Files\src\engine\core</Filter>
    </ClInclude>
    <ClInclude Include="src\engine\core\Layer.h">
      <Filter>Header Files\src\engine\core</Filter>
    </ClInclude>
    <ClInclude Include="src\engine\core\LayerStack.h">
      <Filter>Header Files\src\engine\core</Filter>
    </ClInclude>
    <ClInclude Include="src\engine\core\Log.h">
      <Filter>Header Files\src\engine\core</Filter>
    </ClInclude>
    <ClInclude Include="src\engine\core\Timestep.h">
      <Filter>Header Files\src\engine\core</Filter>
    </ClInclude>
    <ClInclude Include="src\engine\core\Window.h">
      <Filter>Header Files\src\engine\core</Filter>
    </ClInclude>
    <ClInclude Include="src\engine\debug\Instrumentor.h">
      <Filter>Header Files\src\engine\debug</Filter>
    </ClInclude>
    <ClInclude Include="src\engine\events\ApplicationEvent.h">
      <Filter>Header Files\src\engine\events</Filter>
    </ClInclude>
    <ClInclude Include="src\engine\events\Event.h">
      <Filter>Header Files\src\engine\events</Filter>
    </ClInclude>
    <ClInclude Include="src\engine\events\KeyEvent.h">
      <Filter>Header Files\src\engine\events</Filter>
    </ClInclude>
    <ClInclude Include="src\engine\events\MouseEvent.h">
      <Filter>Header Files\src\engine\events</Filter>
    </ClInclude>
    <ClInclude Include="src\engine\imGui\ImGuiLayer.h">
      <Filter>Header Files\src\engine\imGui</Filter>
    </ClInclude>
    <ClInclude Include="src\engine\renderer\Buffer.h">
      <Filter>Header Files\src\engine\renderer</Filter>
    </ClInclude>
    <ClInclude Include="src\engine\renderer\Camera.h">
      <Filter>Header Files\src\engine\renderer</Filter>
    </ClInclude>
    <ClInclude Include="src\engine\renderer\Framebuffer.h">
      <Filter>Header Files\src\engine\renderer</Filter>
    </ClInclude>
    <ClInclude Include="src\engine\renderer\GraphicsContext.h">
      <Filter>Header Files\src\engine\renderer</Filter>
    </ClInclude>
    <ClInclude Include="src\engine\renderer\OrthographicCamera.h">
      <Filter>Header Files\src\engine\renderer</Filter>
    </ClInclude>
    <ClInclude Include="src\engine\renderer\RenderCommand.h">
      <Filter>Header Files\src\engine\renderer</Filter>
    </ClInclude>
    <ClInclude Include="src\engine\renderer\Renderer.h">
      <Filter>Header Files\src\engine\renderer</Filter>
    </ClInclude>
    <ClInclude Include="src\engine\renderer\Renderer2D.h">
      <Filter>Header Files\src\engine\renderer</Filter>
    </ClInclude>
    <ClInclude Include="src\engine\renderer\RendererAPI.h">
      <Filter>Header Files\src\engine\renderer</Filter>
    </ClInclude>
    <ClInclude Include="src\engine\renderer\Shader.h">
      <Filter>Header Files\src\engine\renderer</Filter>
    </ClInclude>
    <ClInclude Include="src\engine\renderer\Texture.h">
      <Filter>Header Files\src\engine\renderer</Filter>
    </ClInclude>
    <ClInclude Include="src\engine\renderer\VertexArray.h">
      <Filter>Header Files\src\engine\renderer</Filter>
    </ClInclude>
    <ClInclude Include="src\engine\scene\Components.h">
      <Filter>Header Files\src\engine\scene</Filter>
    </ClInclude>
    <ClInclude Include="src\engine\scene\Entity.h">
      <Filter>Header Files\src\engine\scene</Filter>
    </ClInclude>
    <ClInclude Include="src\engine\scene\Scene.h">
      <Filter>Header Files\src\engine\scene</Filter>
    </ClInclude>
    <ClInclude Include="src\engine\scene\SceneCamera.h">
      <Filter>Header Files\src\engine\scene</Filter>
    </ClInclude>
    <ClInclude Include="src\engine\scene\SceneSerializer.h">
      <Filter>Header Files\src\engine\scene</Filter>
    </ClInclude>
    <ClInclude Include="src\engine\scene\ScriptableEntity.h">
      <Filter>Header Files\src\engine\scene</Filter>
    </ClInclude>
    <ClInclude Include="src\engine\utils\PlatformUtils.h">
      <Filter>Header Files\src\engine\utils</Filter>
    </ClInclude>
    <ClInclude Include="src\engine\utils\Random.h">
      <Filter>Header Files\src\engine\utils</Filter>
    </ClInclude>
    <ClInclude Include="src\platform\openGL\OpenGLBuffer.h">
      <Filter>Header Files\src\platform\openGL</Filter>
    </ClInclude>
    <ClInclude Include="src\platform\openGL\OpenGLContext.h">
      <Filter>Header Files\src\platform\openGL</Filter>
    </ClInclude>
    <ClInclude Include="src\platform\openGL\OpenGLFramebuffer.h">
      <Filter>Header Files\src\platform\openGL</Filter>
    </ClInclude>
    <ClInclude Include="src\platform\openGL\OpenGLRendererAPI.h">
      <Filter>Header Files\src\platform\openGL</Filter>
    </ClInclude>
    <ClInclude Include="src\platform\openGL\OpenGLShader.h">
      <Filter>Header Files\src\platform\openGL</Filter>
    </ClInclude>
    <ClInclude Include="src\platform\openGL\OpenGLTexture.h">
      <Filter>Header Files\src\platform\openGL</Filter>
    </ClInclude>
    <ClInclude Include="src\platform\openGL\OpenGLVertexArray.h">
      <Filter>Header Files\src\platform\openGL</Filter>
    </ClInclude>
    <ClInclude Include="src\platform\windows\WindowsWindow.h">
      <Filter>Header Files\src\platform\windows</Filter>
    </ClInclude>
    <ClInclude Include="src\polpch.h">
      <Filter>Header Files\src</Filter>
    </ClInclude>
    <ClInclude Include="thirdparty\ImGuizmo\ImCurveEdit.h">
      <Filter>Header Files\thirdparty\ImGuizmo</Filter>
    </ClInclude>
    <ClInclude Include="thirdparty\ImGuizmo\ImGradient.h">
      <Filter>Header Files\thirdparty\ImGuizmo</Filter>
    </ClInclude>
    <ClInclude Include="thirdparty\ImGuizmo\ImGuizmo.h">
      <Filter>Header Files\thirdparty\ImGuizmo</Filter>
    </ClInclude>
    <ClInclude Include="thirdparty\ImGuizmo\ImSequencer.h">
      <Filter>Header Files\thirdparty\ImGuizmo</Filter>
    </ClInclude>
    <ClInclude Include="thirdparty\ImGuizmo\example\ImApp.h">
      <Filter>Header Files\thirdparty\ImGuizmo\example</Filter>
    </ClInclude>
    <ClInclude Include="thirdparty\ImGuizmo\example\imconfig.h">
      <Filter>Header Files\thirdparty\ImGuizmo\example</Filter>
    </ClInclude>
    <ClInclude Include="thirdparty\ImGuizmo\example\imgui.h">
      <Filter>Header Files\thirdparty\ImGuizmo\example</Filter>
    </ClInclude>
    <ClInclude Include="thirdparty\ImGuizmo\example\imgui_internal.h">
      <Filter>Header Files\thirdparty\ImGuizmo\example</Filter>
    </ClInclude>
    <ClInclude Include="thirdparty\ImGuizmo\example\imstb_rectpack.h">
      <Filter>Header Files\thirdparty\ImGuizmo\example</Filter>
    </ClInclude>
    <ClInclude Include="thirdparty\ImGuizmo\example\imstb_textedit.h">
      <Filter>Header Files\thirdparty\ImGuizmo\example</Filter>
    </ClInclude>
    <ClInclude Include="thirdparty\ImGuizmo\example\imstb_truetype.h">
      <Filter>Header Files\thirdparty\ImGuizmo\example</Filter>
    </ClInclude>
    <ClInclude Include="thirdparty\ImGuizmo\example\stb_image.h">
      <Filter>Header Files\thirdparty\ImGuizmo\example</Filter>
    </ClInclude>
    <ClInclude Include="thirdparty\glm\glm\common.hpp">
      <Filter>Header Files\thirdparty\glm\glm</Filter>
    </ClInclude>
    <ClInclude Include="thirdparty\glm\glm\detail\_features.hpp">
      <Filter>Header Files\thirdparty\glm\glm\detail</Filter>
    </ClInclude>
    <ClInclude Include="thirdparty\glm\glm\detail\_fixes.hpp">
      <Filter>Header Files\thirdparty\glm\glm\detail</Filter>
    </ClInclude>
    <ClInclude Include="thirdparty\glm\glm\detail\_noise.hpp">
      <Filter>Header Files\thirdparty\glm\glm\detail</Filter>
    </ClInclude>
    <ClInclude Include="thirdparty\glm\glm\detail\_swizzle.hpp">
      <Filter>Header Files\thirdparty\glm\glm\detail</Filter>
    </ClInclude>
    <ClInclude Include="thirdparty\glm\glm\detail\_swizzle_func.hpp">
      <Filter>Header Files\thirdparty\glm\glm\detail</Filter>
    </ClInclude>
    <ClInclude Include="thirdparty\glm\glm\detail\_vectorize.hpp">
      <Filter>Header Files\thirdparty\glm\glm\detail</Filter>
    </ClInclude>
    <ClInclude Include="thirdparty\glm\glm\detail\compute_common.hpp">
      <Filter>Header Files\thirdparty\glm\glm\detail</Filter>
    </ClInclude>
    <ClInclude Include="thirdparty\glm\glm\detail\compute_vector_decl.hpp">
      <Filter>Header Files\thirdparty\glm\glm\detail</Filter>
    </ClInclude>
    <ClInclude Include="thirdparty\glm\glm\detail\compute_vector_relational.hpp">
      <Filter>Header Files\thirdparty\glm\glm\detail</Filter>
    </ClInclude>
    <ClInclude Include="thirdparty\glm\glm\detail\func_common.inl">
      <Filter>thirdparty\glm\glm\detail</Filter>
    </ClInclude>
    <ClInclude Include="thirdparty\glm\glm\detail\func_common_simd.inl">
      <Filter>thirdparty\glm\glm\detail</Filter>
    </ClInclude>
    <ClInclude Include="thirdparty\glm\glm\detail\func_exponential.inl">
      <Filter>thirdparty\glm\glm\detail</Filter>
    </ClInclude>
    <ClInclude Include="thirdparty\glm\glm\detail\func_exponential_simd.inl">
      <Filter>thirdparty\glm\glm\detail</Filter>
    </ClInclude>
    <ClInclude Include="thirdparty\glm\glm\detail\func_geometric.inl">
      <Filter>thirdparty\glm\glm\detail</Filter>
    </ClInclude>
    <ClInclude Include="thirdparty\glm\glm\detail\func_geometric_simd.inl">
      <Filter>thirdparty\glm\glm\detail</Filter>
    </ClInclude>
    <ClInclude Include="thirdparty\glm\glm\detail\func_integer.inl">
      <Filter>thirdparty\glm\glm\detail</Filter>
    </ClInclude>
    <ClInclude Include="thirdparty\glm\glm\detail\func_integer_simd.inl">
      <Filter>thirdparty\glm\glm\detail</Filter>
    </ClInclude>
    <ClInclude Include="thirdparty\glm\glm\detail\func_matrix.inl">
      <Filter>thirdparty\glm\glm\detail</Filter>
    </ClInclude>
    <ClInclude Include="thirdparty\glm\glm\detail\func_matrix_simd.inl">
      <Filter>thirdparty\glm\glm\detail</Filter>
    </ClInclude>
    <ClInclude Include="thirdparty\glm\glm\detail\func_packing.inl">
      <Filter>thirdparty\glm\glm\detail</Filter>
    </ClInclude>
    <ClInclude Include="thirdparty\glm\glm\detail\func_packing_simd.inl">
      <Filter>thirdparty\glm\glm\detail</Filter>
    </ClInclude>
    <ClInclude Include="thirdparty\glm\glm\detail\func_trigonometric.inl">
      <Filter>thirdparty\glm\glm\detail</Filter>
    </ClInclude>
    <ClInclude Include="thirdparty\glm\glm\detail\func_trigonometric_simd.inl">
      <Filter>thirdparty\glm\glm\detail</Filter>
    </ClInclude>
    <ClInclude Include="thirdparty\glm\glm\detail\func_vector_relational.inl">
      <Filter>thirdparty\glm\glm\detail</Filter>
    </ClInclude>
    <ClInclude Include="thirdparty\glm\glm\detail\func_vector_relational_simd.inl">
      <Filter>thirdparty\glm\glm\detail</Filter>
    </ClInclude>
    <ClInclude Include="thirdparty\glm\glm\detail\qualifier.hpp">
      <Filter>Header Files\thirdparty\glm\glm\detail</Filter>
    </ClInclude>
    <ClInclude Include="thirdparty\glm\glm\detail\setup.hpp">
      <Filter>Header Files\thirdparty\glm\glm\detail</Filter>
    </ClInclude>
    <ClInclude Include="thirdparty\glm\glm\detail\type_float.hpp">
      <Filter>Header Files\thirdparty\glm\glm\detail</Filter>
    </ClInclude>
    <ClInclude Include="thirdparty\glm\glm\detail\type_half.hpp">
      <Filter>Header Files\thirdparty\glm\glm\detail</Filter>
    </ClInclude>
    <ClInclude Include="thirdparty\glm\glm\detail\type_half.inl">
      <Filter>thirdparty\glm\glm\detail</Filter>
    </ClInclude>
    <ClInclude Include="thirdparty\glm\glm\detail\type_mat2x2.hpp">
      <Filter>Header Files\thirdparty\glm\glm\detail</Filter>
    </ClInclude>
    <ClInclude Include="thirdparty\glm\glm\detail\type_mat2x2.inl">
      <Filter>thirdparty\glm\glm\detail</Filter>
    </ClInclude>
    <ClInclude Include="thirdparty\glm\glm\detail\type_mat2x3.hpp">
      <Filter>Header Files\thirdparty\glm\glm\detail</Filter>
    </ClInclude>
    <ClInclude Include="thirdparty\glm\glm\detail\type_mat2x3.inl">
      <Filter>thirdparty\glm\glm\detail</Filter>
    </ClInclude>
    <ClInclude Include="thirdparty\glm\glm\detail\type_mat2x4.hpp">
      <Filter>Header Files\thirdparty\glm\glm\detail</Filter>
    </ClInclude>
    <ClInclude Include="thirdparty\glm\glm\detail\type_mat2x4.inl">
      <Filter>thirdparty\glm\glm\detail</Filter>
    </ClInclude>
    <ClInclude Include="thirdparty\glm\glm\detail\type_mat3x2.hpp">
      <Filter>Header Files\thirdparty\glm\glm\detail</Filter>
    </ClInclude>
    <ClInclude Include="thirdparty\glm\glm\detail\type_mat3x2.inl">
      <Filter>thirdparty\glm\glm\detail</Filter>
    </ClInclude>
    <ClInclude Include="thirdparty\glm\glm\detail\type_mat3x3.hpp">
      <Filter>Header Files\thirdparty\glm\glm\detail</Filter>
    </ClInclude>
    <ClInclude Include="thirdparty\glm\glm\detail\type_mat3x3.inl">
      <Filter>thirdparty\glm\glm\detail</Filter>
    </ClInclude>
    <ClInclude Include="thirdparty\glm\glm\detail\type_mat3x4.hpp">
      <Filter>Header Files\thirdparty\glm\glm\detail</Filter>
    </ClInclude>
    <ClInclude Include="thirdparty\glm\glm\detail\type_mat3x4.inl">
      <Filter>thirdparty\glm\glm\detail</Filter>
    </ClInclude>
    <ClInclude Include="thirdparty\glm\glm\detail\type_mat4x2.hpp">
      <Filter>Header Files\thirdparty\glm\glm\detail</Filter>
    </ClInclude>
    <ClInclude Include="thirdparty\glm\glm\detail\type_mat4x2.inl">
      <Filter>thirdparty\glm\glm\detail</Filter>
    </ClInclude>
    <ClInclude Include="thirdparty\glm\glm\detail\type_mat4x3.hpp">
      <Filter>Header Files\thirdparty\glm\glm\detail</Filter>
    </ClInclude>
    <ClInclude Include="thirdparty\glm\glm\detail\type_mat4x3.inl">
      <Filter>thirdparty\glm\glm\detail</Filter>
    </ClInclude>
    <ClInclude Include="thirdparty\glm\glm\detail\type_mat4x4.hpp">
      <Filter>Header Files\thirdparty\glm\glm\detail</Filter>
    </ClInclude>
    <ClInclude Include="thirdparty\glm\glm\detail\type_mat4x4.inl">
      <Filter>thirdparty\glm\glm\detail</Filter>
    </ClInclude>
    <ClInclude Include="thirdparty\glm\glm\detail\type_mat4x4_simd.inl">
      <Filter>thirdparty\glm\glm\detail</Filter>
    </ClInclude>
    <ClInclude Include="thirdparty\glm\glm\detail\type_quat.hpp">
      <Filter>Header Files\thirdparty\glm\glm\detail</Filter>
    </ClInclude>
    <ClInclude Include="thirdparty\glm\glm\detail\type_quat.inl">
      <Filter>thirdparty\glm\glm\detail</Filter>
    </ClInclude>
    <ClInclude Include="thirdparty\glm\glm\detail\type_quat_simd.inl">
      <Filter>thirdparty\glm\glm\detail</Filter>
    </ClInclude>
    <ClInclude Include="thirdparty\glm\glm\detail\type_vec1.hpp">
      <Filter>Header Files\thirdparty\glm\glm\detail</Filter>
    </ClInclude>
    <ClInclude Include="thirdparty\glm\glm\detail\type_vec1.inl">
      <Filter>thirdparty\glm\glm\detail</Filter>
    </ClInclude>
    <ClInclude Include="thirdparty\glm\glm\detail\type_vec2.hpp">
      <Filter>Header Files\thirdparty\glm\glm\detail</Filter>
    </ClInclude>
    <ClInclude Include="thirdparty\glm\glm\detail\type_vec2.inl">
      <Filter>thirdparty\glm\glm\detail</Filter>
    </ClInclude>
    <ClInclude Include="thirdparty\glm\glm\detail\type_vec3.hpp">
      <Filter>Header Files\thirdparty\glm\glm\detail</Filter>
    </ClInclude>
    <ClInclude Include="thirdparty\glm\glm\detail\type_vec3.inl">
      <Filter>thirdparty\glm\glm\detail</Filter>
    </ClInclude>
    <ClInclude Include="thirdparty\glm\glm\detail\type_vec4.hpp">
      <Filter>Header Files\thirdparty\glm\glm\detail</Filter>
    </ClInclude>
    <ClInclude Include="thirdparty\glm\glm\detail\type_vec4.inl">
      <Filter>thirdparty\glm\glm\detail</Filter>
    </ClInclude>
    <ClInclude Include="thirdparty\glm\glm\detail\type_vec_simd.inl">
      <Filter>thirdparty\glm\glm\detail</Filter>
    </ClInclude>
    <ClInclude Include="thirdparty\glm\glm\exponential.hpp">
      <Filter>Header Files\thirdparty\glm\glm</Filter>
    </ClInclude>
    <ClInclude Include="thirdparty\glm\glm\ext.hpp">
      <Filter>Header Files\thirdparty\glm\glm</Filter>
    </ClInclude>
    <ClInclude Include="thirdparty\glm\glm\ext\_matrix_vectorize.hpp">
      <Filter>Header Files\thirdparty\glm\glm\ext</Filter>
    </ClInclude>
    <ClInclude Include="thirdparty\glm\glm\ext\matrix_clip_space.hpp">
      <Filter>Header Files\thirdparty\glm\glm\ext</Filter>
    </ClInclude>
    <ClInclude Include="thirdparty\glm\glm\ext\matrix_clip_space.inl">
      <Filter>thirdparty\glm\glm\ext</Filter>
    </ClInclude>
    <ClInclude Include="thirdparty\glm\glm\ext\matrix_common.hpp">
      <Filter>Header Files\thirdparty\glm\glm\ext</Filter>
    </ClInclude>
    <ClInclude Include="thirdparty\glm\glm\ext\matrix_common.inl">
      <Filter>thirdparty\glm\glm\ext</Filter>
    </ClInclude>
    <ClInclude Include="thirdparty\glm\glm\ext\matrix_double2x2.hpp">
      <Filter>Header Files\thirdparty\glm\glm\ext</Filter>
    </ClInclude>
    <ClInclude Include="thirdparty\glm\glm\ext\matrix_double2x2_precision.hpp">
      <Filter>Header Files\thirdparty\glm\glm\ext</Filter>
    </ClInclude>
    <ClInclude Include="thirdparty\glm\glm\ext\matrix_double2x3.hpp">
      <Filter>Header Files\thirdparty\glm\glm\ext</Filter>
    </ClInclude>
    <ClInclude Include="thirdparty\glm\glm\ext\matrix_double2x3_precision.hpp">
      <Filter>Header Files\thirdparty\glm\glm\ext</Filter>
    </ClInclude>
    <ClInclude Include="thirdparty\glm\glm\ext\matrix_double2x4.hpp">
      <Filter>Header Files\thirdparty\glm\glm\ext</Filter>
    </ClInclude>
    <ClInclude Include="thirdparty\glm\glm\ext\matrix_double2x4_precision.hpp">
      <Filter>Header Files\thirdparty\glm\glm\ext</Filter>
    </ClInclude>
    <ClInclude Include="thirdparty\glm\glm\ext\matrix_double3x2.hpp">
      <Filter>Header Files\thirdparty\glm\glm\ext</Filter>
    </ClInclude>
    <ClInclude Include="thirdparty\glm\glm\ext\matrix_double3x2_precision.hpp">
      <Filter>Header Files\thirdparty\glm\glm\ext</Filter>
    </ClInclude>
    <ClInclude Include="thirdparty\glm\glm\ext\matrix_double3x3.hpp">
      <Filter>Header Files\thirdparty\glm\glm\ext</Filter>
    </ClInclude>
    <ClInclude Include="thirdparty\glm\glm\ext\matrix_double3x3_precision.hpp">
      <Filter>Header Files\thirdparty\glm\glm\ext</Filter>
    </ClInclude>
    <ClInclude Include="thirdparty\glm\glm\ext\matrix_double3x4.hpp">
      <Filter>Header Files\thirdparty\glm\glm\ext</Filter>
    </ClInclude>
    <ClInclude Include="thirdparty\glm\glm\ext\matrix_double3x4_precision.hpp">
      <Filter>Header Files\thirdparty\glm\glm\ext</Filter>
    </ClInclude>
    <ClInclude Include="thirdparty\glm\glm\ext\matrix_double4x2.hpp">
      <Filter>Header Files\thirdparty\glm\glm\ext</Filter>
    </ClInclude>
    <ClInclude Include="thirdparty\glm\glm\ext\matrix_double4x2_precision.hpp">
      <Filter>Header Files\thirdparty\glm\glm\ext</Filter>
    </ClInclude>
    <ClInclude Include="thirdparty\glm\glm\ext\matrix_double4x3.hpp">
      <Filter>Header Files\thirdparty\glm\glm\ext</Filter>
    </ClInclude>
    <ClInclude Include="thirdparty\glm\glm\ext\matrix_double4x3_precision.hpp">
      <Filter>Header Files\thirdparty\glm\glm\ext</Filter>
    </ClInclude>
    <ClInclude Include="thirdparty\glm\glm\ext\matrix_double4x4.hpp">
      <Filter>Header Files\thirdparty\glm\glm\ext</Filter>
    </ClInclude>
    <ClInclude Include="thirdparty\glm\glm\ext\matrix_double4x4_precision.hpp">
      <Filter>Header Files\thirdparty\glm\glm\ext</Filter>
    </ClInclude>
    <ClInclude Include="thirdparty\glm\glm\ext\matrix_float2x2.hpp">
      <Filter>Header Files\thirdparty\glm\glm\ext</Filter>
    </ClInclude>
    <ClInclude Include="thirdparty\glm\glm\ext\matrix_float2x2_precision.hpp">
      <Filter>Header Files\thirdparty\glm\glm\ext</Filter>
    </ClInclude>
    <ClInclude Include="thirdparty\glm\glm\ext\matrix_float2x3.hpp">
      <Filter>Header Files\thirdparty\glm\glm\ext</Filter>
    </ClInclude>
    <ClInclude Include="thirdparty\glm\glm\ext\matrix_float2x3_precision.hpp">
      <Filter>Header Files\thirdparty\glm\glm\ext</Filter>
    </ClInclude>
    <ClInclude Include="thirdparty\glm\glm\ext\matrix_float2x4.hpp">
      <Filter>Header Files\thirdparty\glm\glm\ext</Filter>
    </ClInclude>
    <ClInclude Include="thirdparty\glm\glm\ext\matrix_float2x4_precision.hpp">
      <Filter>Header Files\thirdparty\glm\glm\ext</Filter>
    </ClInclude>
    <ClInclude Include="thirdparty\glm\glm\ext\matrix_float3x2.hpp">
      <Filter>Header Files\thirdparty\glm\glm\ext</Filter>
    </ClInclude>
    <ClInclude Include="thirdparty\glm\glm\ext\matrix_float3x2_precision.hpp">
      <Filter>Header Files\thirdparty\glm\glm\ext</Filter>
    </ClInclude>
    <ClInclude Include="thirdparty\glm\glm\ext\matrix_float3x3.hpp">
      <Filter>Header Files\thirdparty\glm\glm\ext</Filter>
    </ClInclude>
    <ClInclude Include="thirdparty\glm\glm\ext\matrix_float3x3_precision.hpp">
      <Filter>Header Files\thirdparty\glm\glm\ext</Filter>
    </ClInclude>
    <ClInclude Include="thirdparty\glm\glm\ext\matrix_float3x4.hpp">
      <Filter>Header Files\thirdparty\glm\glm\ext</Filter>
    </ClInclude>
    <ClInclude Include="thirdparty\glm\glm\ext\matrix_float3x4_precision.hpp">
      <Filter>Header Files\thirdparty\glm\glm\ext</Filter>
    </ClInclude>
    <ClInclude Include="thirdparty\glm\glm\ext\matrix_float4x2.hpp">
      <Filter>Header Files\thirdparty\glm\glm\ext</Filter>
    </ClInclude>
    <ClInclude Include="thirdparty\glm\glm\ext\matrix_float4x2_precision.hpp">
      <Filter>Header Files\thirdparty\glm\glm\ext</Filter>
    </ClInclude>
    <ClInclude Include="thirdparty\glm\glm\ext\matrix_float4x3.hpp">
      <Filter>Header Files\thirdparty\glm\glm\ext</Filter>
    </ClInclude>
    <ClInclude Include="thirdparty\glm\glm\ext\matrix_float4x3_precision.hpp">
      <Filter>Header Files\thirdparty\glm\glm\ext</Filter>
    </ClInclude>
    <ClInclude Include="thirdparty\glm\glm\ext\matrix_float4x4.hpp">
      <Filter>Header Files\thirdparty\glm\glm\ext</Filter>
    </ClInclude>
    <ClInclude Include="thirdparty\glm\glm\ext\matrix_float4x4_precision.hpp">
      <Filter>Header Files\thirdparty\glm\glm\ext</Filter>
    </ClInclude>
    <ClInclude Include="thirdparty\glm\glm\ext\matrix_int2x2.hpp">
      <Filter>Header Files\thirdparty\glm\glm\ext</Filter>
    </ClInclude>
    <ClInclude Include="thirdparty\glm\glm\ext\matrix_int2x2_sized.hpp">
      <Filter>Header Files\thirdparty\glm\glm\ext</Filter>
    </ClInclude>
    <ClInclude Include="thirdparty\glm\glm\ext\matrix_int2x3.hpp">
      <Filter>Header Files\thirdparty\glm\glm\ext</Filter>
    </ClInclude>
    <ClInclude Include="thirdparty\glm\glm\ext\matrix_int2x3_sized.hpp">
      <Filter>Header Files\thirdparty\glm\glm\ext</Filter>
    </ClInclude>
    <ClInclude Include="thirdparty\glm\glm\ext\matrix_int2x4.hpp">
      <Filter>Header Files\thirdparty\glm\glm\ext</Filter>
    </ClInclude>
    <ClInclude Include="thirdparty\glm\glm\ext\matrix_int2x4_sized.hpp">
      <Filter>Header Files\thirdparty\glm\glm\ext</Filter>
    </ClInclude>
    <ClInclude Include="thirdparty\glm\glm\ext\matrix_int3x2.hpp">
      <Filter>Header Files\thirdparty\glm\glm\ext</Filter>
    </ClInclude>
    <ClInclude Include="thirdparty\glm\glm\ext\matrix_int3x2_sized.hpp">
      <Filter>Header Files\thirdparty\glm\glm\ext</Filter>
    </ClInclude>
    <ClInclude Include="thirdparty\glm\glm\ext\matrix_int3x3.hpp">
      <Filter>Header Files\thirdparty\glm\glm\ext</Filter>
    </ClInclude>
    <ClInclude Include="thirdparty\glm\glm\ext\matrix_int3x3_sized.hpp">
      <Filter>Header Files\thirdparty\glm\glm\ext</Filter>
    </ClInclude>
    <ClInclude Include="thirdparty\glm\glm\ext\matrix_int3x4.hpp">
      <Filter>Header Files\thirdparty\glm\glm\ext</Filter>
    </ClInclude>
    <ClInclude Include="thirdparty\glm\glm\ext\matrix_int3x4_sized.hpp">
      <Filter>Header Files\thirdparty\glm\glm\ext</Filter>
    </ClInclude>
    <ClInclude Include="thirdparty\glm\glm\ext\matrix_int4x2.hpp">
      <Filter>Header Files\thirdparty\glm\glm\ext</Filter>
    </ClInclude>
    <ClInclude Include="thirdparty\glm\glm\ext\matrix_int4x2_sized.hpp">
      <Filter>Header Files\thirdparty\glm\glm\ext</Filter>
    </ClInclude>
    <ClInclude Include="thirdparty\glm\glm\ext\matrix_int4x3.hpp">
      <Filter>Header Files\thirdparty\glm\glm\ext</Filter>
    </ClInclude>
    <ClInclude Include="thirdparty\glm\glm\ext\matrix_int4x3_sized.hpp">
      <Filter>Header Files\thirdparty\glm\glm\ext</Filter>
    </ClInclude>
    <ClInclude Include="thirdparty\glm\glm\ext\matrix_int4x4.hpp">
      <Filter>Header Files\thirdparty\glm\glm\ext</Filter>
    </ClInclude>
    <ClInclude Include="thirdparty\glm\glm\ext\matrix_int4x4_sized.hpp">
      <Filter>Header Files\thirdparty\glm\glm\ext</Filter>
    </ClInclude>
    <ClInclude Include="thirdparty\glm\glm\ext\matrix_integer.hpp">
      <Filter>Header Files\thirdparty\glm\glm\ext</Filter>
    </ClInclude>
    <ClInclude Include="thirdparty\glm\glm\ext\matrix_integer.inl">
      <Filter>thirdparty\glm\glm\ext</Filter>
    </ClInclude>
    <ClInclude Include="thirdparty\glm\glm\ext\matrix_projection.hpp">
      <Filter>Header Files\thirdparty\glm\glm\ext</Filter>
    </ClInclude>
    <ClInclude Include="thirdparty\glm\glm\ext\matrix_projection.inl">
      <Filter>thirdparty\glm\glm\ext</Filter>
    </ClInclude>
    <ClInclude Include="thirdparty\glm\glm\ext\matrix_relational.hpp">
      <Filter>Header Files\thirdparty\glm\glm\ext</Filter>
    </ClInclude>
    <ClInclude Include="thirdparty\glm\glm\ext\matrix_relational.inl">
      <Filter>thirdparty\glm\glm\ext</Filter>
    </ClInclude>
    <ClInclude Include="thirdparty\glm\glm\ext\matrix_transform.hpp">
      <Filter>Header Files\thirdparty\glm\glm\ext</Filter>
    </ClInclude>
    <ClInclude Include="thirdparty\glm\glm\ext\matrix_transform.inl">
      <Filter>thirdparty\glm\glm\ext</Filter>
    </ClInclude>
    <ClInclude Include="thirdparty\glm\glm\ext\matrix_uint2x2.hpp">
      <Filter>Header Files\thirdparty\glm\glm\ext</Filter>
    </ClInclude>
    <ClInclude Include="thirdparty\glm\glm\ext\matrix_uint2x2_sized.hpp">
      <Filter>Header Files\thirdparty\glm\glm\ext</Filter>
    </ClInclude>
    <ClInclude Include="thirdparty\glm\glm\ext\matrix_uint2x3.hpp">
      <Filter>Header Files\thirdparty\glm\glm\ext</Filter>
    </ClInclude>
    <ClInclude Include="thirdparty\glm\glm\ext\matrix_uint2x3_sized.hpp">
      <Filter>Header Files\thirdparty\glm\glm\ext</Filter>
    </ClInclude>
    <ClInclude Include="thirdparty\glm\glm\ext\matrix_uint2x4.hpp">
      <Filter>Header Files\thirdparty\glm\glm\ext</Filter>
    </ClInclude>
    <ClInclude Include="thirdparty\glm\glm\ext\matrix_uint2x4_sized.hpp">
      <Filter>Header Files\thirdparty\glm\glm\ext</Filter>
    </ClInclude>
    <ClInclude Include="thirdparty\glm\glm\ext\matrix_uint3x2.hpp">
      <Filter>Header Files\thirdparty\glm\glm\ext</Filter>
    </ClInclude>
    <ClInclude Include="thirdparty\glm\glm\ext\matrix_uint3x2_sized.hpp">
      <Filter>Header Files\thirdparty\glm\glm\ext</Filter>
    </ClInclude>
    <ClInclude Include="thirdparty\glm\glm\ext\matrix_uint3x3.hpp">
      <Filter>Header Files\thirdparty\glm\glm\ext</Filter>
    </ClInclude>
    <ClInclude Include="thirdparty\glm\glm\ext\matrix_uint3x3_sized.hpp">
      <Filter>Header Files\thirdparty\glm\glm\ext</Filter>
    </ClInclude>
    <ClInclude Include="thirdparty\glm\glm\ext\matrix_uint3x4.hpp">
      <Filter>Header Files\thirdparty\glm\glm\ext</Filter>
    </ClInclude>
    <ClInclude Include="thirdparty\glm\glm\ext\matrix_uint3x4_sized.hpp">
      <Filter>Header Files\thirdparty\glm\glm\ext</Filter>
    </ClInclude>
    <ClInclude Include="thirdparty\glm\glm\ext\matrix_uint4x2.hpp">
      <Filter>Header Files\thirdparty\glm\glm\ext</Filter>
    </ClInclude>
    <ClInclude Include="thirdparty\glm\glm\ext\matrix_uint4x2_sized.hpp">
      <Filter>Header Files\thirdparty\glm\glm\ext</Filter>
    </ClInclude>
    <ClInclude Include="thirdparty\glm\glm\ext\matrix_uint4x3.hpp">
      <Filter>Header Files\thirdparty\glm\glm\ext</Filter>
    </ClInclude>
    <ClInclude Include="thirdparty\glm\glm\ext\matrix_uint4x3_sized.hpp">
      <Filter>Header Files\thirdparty\glm\glm\ext</Filter>
    </ClInclude>
    <ClInclude Include="thirdparty\glm\glm\ext\matrix_uint4x4.hpp">
      <Filter>Header Files\thirdparty\glm\glm\ext</Filter>
    </ClInclude>
    <ClInclude Include="thirdparty\glm\glm\ext\matrix_uint4x4_sized.hpp">
      <Filter>Header Files\thirdparty\glm\glm\ext</Filter>
    </ClInclude>
    <ClInclude Include="thirdparty\glm\glm\ext\quaternion_common.hpp">
      <Filter>Header Files\thirdparty\glm\glm\ext</Filter>
    </ClInclude>
    <ClInclude Include="thirdparty\glm\glm\ext\quaternion_common.inl">
      <Filter>thirdparty\glm\glm\ext</Filter>
    </ClInclude>
    <ClInclude Include="thirdparty\glm\glm\ext\quaternion_common_simd.inl">
      <Filter>thirdparty\glm\glm\ext</Filter>
    </ClInclude>
    <ClInclude Include="thirdparty\glm\glm\ext\quaternion_double.hpp">
      <Filter>Header Files\thirdparty\glm\glm\ext</Filter>
    </ClInclude>
    <ClInclude Include="thirdparty\glm\glm\ext\quaternion_double_precision.hpp">
      <Filter>Header Files\thirdparty\glm\glm\ext</Filter>
    </ClInclude>
    <ClInclude Include="thirdparty\glm\glm\ext\quaternion_exponential.hpp">
      <Filter>Header Files\thirdparty\glm\glm\ext</Filter>
    </ClInclude>
    <ClInclude Include="thirdparty\glm\glm\ext\quaternion_exponential.inl">
      <Filter>thirdparty\glm\glm\ext</Filter>
    </ClInclude>
    <ClInclude Include="thirdparty\glm\glm\ext\quaternion_float.hpp">
      <Filter>Header Files\thirdparty\glm\glm\ext</Filter>
    </ClInclude>
    <ClInclude Include="thirdparty\glm\glm\ext\quaternion_float_precision.hpp">
      <Filter>Header Files\thirdparty\glm\glm\ext</Filter>
    </ClInclude>
    <ClInclude Include="thirdparty\glm\glm\ext\quaternion_geometric.hpp">
      <Filter>Header Files\thirdparty\glm\glm\ext</Filter>
    </ClInclude>
    <ClInclude Include="thirdparty\glm\glm\ext\quaternion_geometric.inl">
      <Filter>thirdparty\glm\glm\ext</Filter>
    </ClInclude>
    <ClInclude Include="thirdparty\glm\glm\ext\quaternion_relational.hpp">
      <Filter>Header Files\thirdparty\glm\glm\ext</Filter>
    </ClInclude>
    <ClInclude Include="thirdparty\glm\glm\ext\quaternion_relational.inl">
      <Filter>thirdparty\glm\glm\ext</Filter>
    </ClInclude>
    <ClInclude Include="thirdparty\glm\glm\ext\quaternion_transform.hpp">
      <Filter>Header Files\thirdparty\glm\glm\ext</Filter>
    </ClInclude>
    <ClInclude Include="thirdparty\glm\glm\ext\quaternion_transform.inl">
      <Filter>thirdparty\glm\glm\ext</Filter>
    </ClInclude>
    <ClInclude Include="thirdparty\glm\glm\ext\quaternion_trigonometric.hpp">
      <Filter>Header Files\thirdparty\glm\glm\ext</Filter>
    </ClInclude>
    <ClInclude Include="thirdparty\glm\glm\ext\quaternion_trigonometric.inl">
      <Filter>thirdparty\glm\glm\ext</Filter>
    </ClInclude>
    <ClInclude Include="thirdparty\glm\glm\ext\scalar_common.hpp">
      <Filter>Header Files\thirdparty\glm\glm\ext</Filter>
    </ClInclude>
    <ClInclude Include="thirdparty\glm\glm\ext\scalar_common.inl">
      <Filter>thirdparty\glm\glm\ext</Filter>
    </ClInclude>
    <ClInclude Include="thirdparty\glm\glm\ext\scalar_constants.hpp">
      <Filter>Header Files\thirdparty\glm\glm\ext</Filter>
    </ClInclude>
    <ClInclude Include="thirdparty\glm\glm\ext\scalar_constants.inl">
      <Filter>thirdparty\glm\glm\ext</Filter>
    </ClInclude>
    <ClInclude Include="thirdparty\glm\glm\ext\scalar_int_sized.hpp">
      <Filter>Header Files\thirdparty\glm\glm\ext</Filter>
    </ClInclude>
    <ClInclude Include="thirdparty\glm\glm\ext\scalar_integer.hpp">
      <Filter>Header Files\thirdparty\glm\glm\ext</Filter>
    </ClInclude>
    <ClInclude Include="thirdparty\glm\glm\ext\scalar_integer.inl">
      <Filter>thirdparty\glm\glm\ext</Filter>
    </ClInclude>
    <ClInclude Include="thirdparty\glm\glm\ext\scalar_packing.hpp">
      <Filter>Header Files\thirdparty\glm\glm\ext</Filter>
    </ClInclude>
    <ClInclude Include="thirdparty\glm\glm\ext\scalar_packing.inl">
      <Filter>thirdparty\glm\glm\ext</Filter>
    </ClInclude>
    <ClInclude Include="thirdparty\glm\glm\ext\scalar_reciprocal.hpp">
      <Filter>Header Files\thirdparty\glm\glm\ext</Filter>
    </ClInclude>
    <ClInclude Include="thirdparty\glm\glm\ext\scalar_reciprocal.inl">
      <Filter>thirdparty\glm\glm\ext</Filter>
    </ClInclude>
    <ClInclude Include="thirdparty\glm\glm\ext\scalar_relational.hpp">
      <Filter>Header Files\thirdparty\glm\glm\ext</Filter>
    </ClInclude>
    <ClInclude Include="thirdparty\glm\glm\ext\scalar_relational.inl">
      <Filter>thirdparty\glm\glm\ext</Filter>
    </ClInclude>
    <ClInclude Include="thirdparty\glm\glm\ext\scalar_uint_sized.hpp">
      <Filter>Header Files\thirdparty\glm\glm\ext</Filter>
    </ClInclude>
    <ClInclude Include="thirdparty\glm\glm\ext\scalar_ulp.hpp">
      <Filter>Header Files\thirdparty\glm\glm\ext</Filter>
    </ClInclude>
    <ClInclude Include="thirdparty\glm\glm\ext\scalar_ulp.inl">
      <Filter>thirdparty\glm\glm\ext</Filter>
    </ClInclude>
    <ClInclude Include="thirdparty\glm\glm\ext\vector_bool1.hpp">
      <Filter>Header Files\thirdparty\glm\glm\ext</Filter>
    </ClInclude>
    <ClInclude Include="thirdparty\glm\glm\ext\vector_bool1_precision.hpp">
      <Filter>Header Files\thirdparty\glm\glm\ext</Filter>
    </ClInclude>
    <ClInclude Include="thirdparty\glm\glm\ext\vector_bool2.hpp">
      <Filter>Header Files\thirdparty\glm\glm\ext</Filter>
    </ClInclude>
    <ClInclude Include="thirdparty\glm\glm\ext\vector_bool2_precision.hpp">
      <Filter>Header Files\thirdparty\glm\glm\ext</Filter>
    </ClInclude>
    <ClInclude Include="thirdparty\glm\glm\ext\vector_bool3.hpp">
      <Filter>Header Files\thirdparty\glm\glm\ext</Filter>
    </ClInclude>
    <ClInclude Include="thirdparty\glm\glm\ext\vector_bool3_precision.hpp">
      <Filter>Header Files\thirdparty\glm\glm\ext</Filter>
    </ClInclude>
    <ClInclude Include="thirdparty\glm\glm\ext\vector_bool4.hpp">
      <Filter>Header Files\thirdparty\glm\glm\ext</Filter>
    </ClInclude>
    <ClInclude Include="thirdparty\glm\glm\ext\vector_bool4_precision.hpp">
      <Filter>Header Files\thirdparty\glm\glm\ext</Filter>
    </ClInclude>
    <ClInclude Include="thirdparty\glm\glm\ext\vector_common.hpp">
      <Filter>Header Files\thirdparty\glm\glm\ext</Filter>
    </ClInclude>
    <ClInclude Include="thirdparty\glm\glm\ext\vector_common.inl">
      <Filter>thirdparty\glm\glm\ext</Filter>
    </ClInclude>
    <ClInclude Include="thirdparty\glm\glm\ext\vector_double1.hpp">
      <Filter>Header Files\thirdparty\glm\glm\ext</Filter>
    </ClInclude>
    <ClInclude Include="thirdparty\glm\glm\ext\vector_double1_precision.hpp">
      <Filter>Header Files\thirdparty\glm\glm\ext</Filter>
    </ClInclude>
    <ClInclude Include="thirdparty\glm\glm\ext\vector_double2.hpp">
      <Filter>Header Files\thirdparty\glm\glm\ext</Filter>
    </ClInclude>
    <ClInclude Include="thirdparty\glm\glm\ext\vector_double2_precision.hpp">
      <Filter>Header Files\thirdparty\glm\glm\ext</Filter>
    </ClInclude>
    <ClInclude Include="thirdparty\glm\glm\ext\vector_double3.hpp">
      <Filter>Header Files\thirdparty\glm\glm\ext</Filter>
    </ClInclude>
    <ClInclude Include="thirdparty\glm\glm\ext\vector_double3_precision.hpp">
      <Filter>Header Files\thirdparty\glm\glm\ext</Filter>
    </ClInclude>
    <ClInclude Include="thirdparty\glm\glm\ext\vector_double4.hpp">
      <Filter>Header Files\thirdparty\glm\glm\ext</Filter>
    </ClInclude>
    <ClInclude Include="thirdparty\glm\glm\ext\vector_double4_precision.hpp">
      <Filter>Header Files\thirdparty\glm\glm\ext</Filter>
    </ClInclude>
    <ClInclude Include="thirdparty\glm\glm\ext\vector_float1.hpp">
      <Filter>Header Files\thirdparty\glm\glm\ext</Filter>
    </ClInclude>
    <ClInclude Include="thirdparty\glm\glm\ext\vector_float1_precision.hpp">
      <Filter>Header Files\thirdparty\glm\glm\ext</Filter>
    </ClInclude>
    <ClInclude Include="thirdparty\glm\glm\ext\vector_float2.hpp">
      <Filter>Header Files\thirdparty\glm\glm\ext</Filter>
    </ClInclude>
    <ClInclude Include="thirdparty\glm\glm\ext\vector_float2_precision.hpp">
      <Filter>Header Files\thirdparty\glm\glm\ext</Filter>
    </ClInclude>
    <ClInclude Include="thirdparty\glm\glm\ext\vector_float3.hpp">
      <Filter>Header Files\thirdparty\glm\glm\ext</Filter>
    </ClInclude>
    <ClInclude Include="thirdparty\glm\glm\ext\vector_float3_precision.hpp">
      <Filter>Header Files\thirdparty\glm\glm\ext</Filter>
    </ClInclude>
    <ClInclude Include="thirdparty\glm\glm\ext\vector_float4.hpp">
      <Filter>Header Files\thirdparty\glm\glm\ext</Filter>
    </ClInclude>
    <ClInclude Include="thirdparty\glm\glm\ext\vector_float4_precision.hpp">
      <Filter>Header Files\thirdparty\glm\glm\ext</Filter>
    </ClInclude>
    <ClInclude Include="thirdparty\glm\glm\ext\vector_int1.hpp">
      <Filter>Header Files\thirdparty\glm\glm\ext</Filter>
    </ClInclude>
    <ClInclude Include="thirdparty\glm\glm\ext\vector_int1_sized.hpp">
      <Filter>Header Files\thirdparty\glm\glm\ext</Filter>
    </ClInclude>
    <ClInclude Include="thirdparty\glm\glm\ext\vector_int2.hpp">
      <Filter>Header Files\thirdparty\glm\glm\ext</Filter>
    </ClInclude>
    <ClInclude Include="thirdparty\glm\glm\ext\vector_int2_sized.hpp">
      <Filter>Header Files\thirdparty\glm\glm\ext</Filter>
    </ClInclude>
    <ClInclude Include="thirdparty\glm\glm\ext\vector_int3.hpp">
      <Filter>Header Files\thirdparty\glm\glm\ext</Filter>
    </ClInclude>
    <ClInclude Include="thirdparty\glm\glm\ext\vector_int3_sized.hpp">
      <Filter>Header Files\thirdparty\glm\glm\ext</Filter>
    </ClInclude>
    <ClInclude Include="thirdparty\glm\glm\ext\vector_int4.hpp">
      <Filter>Header Files\thirdparty\glm\glm\ext</Filter>
    </ClInclude>
    <ClInclude Include="thirdparty\glm\glm\ext\vector_int4_sized.hpp">
      <Filter>Header Files\thirdparty\glm\glm\ext</Filter>
    </ClInclude>
    <ClInclude Include="thirdparty\glm\glm\ext\vector_integer.hpp">
      <Filter>Header Files\thirdparty\glm\glm\ext</Filter>
    </ClInclude>
    <ClInclude Include="thirdparty\glm\glm\ext\vector_integer.inl">
      <Filter>thirdparty\glm\glm\ext</Filter>
    </ClInclude>
    <ClInclude Include="thirdparty\glm\glm\ext\vector_packing.hpp">
      <Filter>Header Files\thirdparty\glm\glm\ext</Filter>
    </ClInclude>
    <ClInclude Include="thirdparty\glm\glm\ext\vector_packing.inl">
      <Filter>thirdparty\glm\glm\ext</Filter>
    </ClInclude>
    <ClInclude Include="thirdparty\glm\glm\ext\vector_reciprocal.hpp">
      <Filter>Header Files\thirdparty\glm\glm\ext</Filter>
    </ClInclude>
    <ClInclude Include="thirdparty\glm\glm\ext\vector_reciprocal.inl">
      <Filter>thirdparty\glm\glm\ext</Filter>
    </ClInclude>
    <ClInclude Include="thirdparty\glm\glm\ext\vector_relational.hpp">
      <Filter>Header Files\thirdparty\glm\glm\ext</Filter>
    </ClInclude>
    <ClInclude Include="thirdparty\glm\glm\ext\vector_relational.inl">
      <Filter>thirdparty\glm\glm\ext</Filter>
    </ClInclude>
    <ClInclude Include="thirdparty\glm\glm\ext\vector_uint1.hpp">
      <Filter>Header Files\thirdparty\glm\glm\ext</Filter>
    </ClInclude>
    <ClInclude Include="thirdparty\glm\glm\ext\vector_uint1_sized.hpp">
      <Filter>Header Files\thirdparty\glm\glm\ext</Filter>
    </ClInclude>
    <ClInclude Include="thirdparty\glm\glm\ext\vector_uint2.hpp">
      <Filter>Header Files\thirdparty\glm\glm\ext</Filter>
    </ClInclude>
    <ClInclude Include="thirdparty\glm\glm\ext\vector_uint2_sized.hpp">
      <Filter>Header Files\thirdparty\glm\glm\ext</Filter>
    </ClInclude>
    <ClInclude Include="thirdparty\glm\glm\ext\vector_uint3.hpp">
      <Filter>Header Files\thirdparty\glm\glm\ext</Filter>
    </ClInclude>
    <ClInclude Include="thirdparty\glm\glm\ext\vector_uint3_sized.hpp">
      <Filter>Header Files\thirdparty\glm\glm\ext</Filter>
    </ClInclude>
    <ClInclude Include="thirdparty\glm\glm\ext\vector_uint4.hpp">
      <Filter>Header Files\thirdparty\glm\glm\ext</Filter>
    </ClInclude>
    <ClInclude Include="thirdparty\glm\glm\ext\vector_uint4_sized.hpp">
      <Filter>Header Files\thirdparty\glm\glm\ext</Filter>
    </ClInclude>
    <ClInclude Include="thirdparty\glm\glm\ext\vector_ulp.hpp">
      <Filter>Header Files\thirdparty\glm\glm\ext</Filter>
    </ClInclude>
    <ClInclude Include="thirdparty\glm\glm\ext\vector_ulp.inl">
      <Filter>thirdparty\glm\glm\ext</Filter>
    </ClInclude>
    <ClInclude Include="thirdparty\glm\glm\fwd.hpp">
      <Filter>Header Files\thirdparty\glm\glm</Filter>
    </ClInclude>
    <ClInclude Include="thirdparty\glm\glm\geometric.hpp">
      <Filter>Header Files\thirdparty\glm\glm</Filter>
    </ClInclude>
    <ClInclude Include="thirdparty\glm\glm\glm.hpp">
      <Filter>Header Files\thirdparty\glm\glm</Filter>
    </ClInclude>
    <ClInclude Include="thirdparty\glm\glm\gtc\bitfield.hpp">
      <Filter>Header Files\thirdparty\glm\glm\gtc</Filter>
    </ClInclude>
    <ClInclude Include="thirdparty\glm\glm\gtc\bitfield.inl">
      <Filter>thirdparty\glm\glm\gtc</Filter>
    </ClInclude>
    <ClInclude Include="thirdparty\glm\glm\gtc\color_space.hpp">
      <Filter>Header Files\thirdparty\glm\glm\gtc</Filter>
    </ClInclude>
    <ClInclude Include="thirdparty\glm\glm\gtc\color_space.inl">
      <Filter>thirdparty\glm\glm\gtc</Filter>
    </ClInclude>
    <ClInclude Include="thirdparty\glm\glm\gtc\constants.hpp">
      <Filter>Header Files\thirdparty\glm\glm\gtc</Filter>
    </ClInclude>
    <ClInclude Include="thirdparty\glm\glm\gtc\constants.inl">
      <Filter>thirdparty\glm\glm\gtc</Filter>
    </ClInclude>
    <ClInclude Include="thirdparty\glm\glm\gtc\epsilon.hpp">
      <Filter>Header Files\thirdparty\glm\glm\gtc</Filter>
    </ClInclude>
    <ClInclude Include="thirdparty\glm\glm\gtc\epsilon.inl">
      <Filter>thirdparty\glm\glm\gtc</Filter>
    </ClInclude>
    <ClInclude Include="thirdparty\glm\glm\gtc\integer.hpp">
      <Filter>Header Files\thirdparty\glm\glm\gtc</Filter>
    </ClInclude>
    <ClInclude Include="thirdparty\glm\glm\gtc\integer.inl">
      <Filter>thirdparty\glm\glm\gtc</Filter>
    </ClInclude>
    <ClInclude Include="thirdparty\glm\glm\gtc\matrix_access.hpp">
      <Filter>Header Files\thirdparty\glm\glm\gtc</Filter>
    </ClInclude>
    <ClInclude Include="thirdparty\glm\glm\gtc\matrix_access.inl">
      <Filter>thirdparty\glm\glm\gtc</Filter>
    </ClInclude>
    <ClInclude Include="thirdparty\glm\glm\gtc\matrix_integer.hpp">
      <Filter>Header Files\thirdparty\glm\glm\gtc</Filter>
    </ClInclude>
    <ClInclude Include="thirdparty\glm\glm\gtc\matrix_inverse.hpp">
      <Filter>Header Files\thirdparty\glm\glm\gtc</Filter>
    </ClInclude>
    <ClInclude Include="thirdparty\glm\glm\gtc\matrix_inverse.inl">
      <Filter>thirdparty\glm\glm\gtc</Filter>
    </ClInclude>
    <ClInclude Include="thirdparty\glm\glm\gtc\matrix_transform.hpp">
      <Filter>Header Files\thirdparty\glm\glm\gtc</Filter>
    </ClInclude>
    <ClInclude Include="thirdparty\glm\glm\gtc\matrix_transform.inl">
      <Filter>thirdparty\glm\glm\gtc</Filter>
    </ClInclude>
    <ClInclude Include="thirdparty\glm\glm\gtc\noise.hpp">
      <Filter>Header Files\thirdparty\glm\glm\gtc</Filter>
    </ClInclude>
    <ClInclude Include="thirdparty\glm\glm\gtc\noise.inl">
      <Filter>thirdparty\glm\glm\gtc</Filter>
    </ClInclude>
    <ClInclude Include="thirdparty\glm\glm\gtc\packing.hpp">
      <Filter>Header Files\thirdparty\glm\glm\gtc</Filter>
    </ClInclude>
    <ClInclude Include="thirdparty\glm\glm\gtc\packing.inl">
      <Filter>thirdparty\glm\glm\gtc</Filter>
    </ClInclude>
    <ClInclude Include="thirdparty\glm\glm\gtc\quaternion.hpp">
      <Filter>Header Files\thirdparty\glm\glm\gtc</Filter>
    </ClInclude>
    <ClInclude Include="thirdparty\glm\glm\gtc\quaternion.inl">
      <Filter>thirdparty\glm\glm\gtc</Filter>
    </ClInclude>
    <ClInclude Include="thirdparty\glm\glm\gtc\quaternion_simd.inl">
      <Filter>thirdparty\glm\glm\gtc</Filter>
    </ClInclude>
    <ClInclude Include="thirdparty\glm\glm\gtc\random.hpp">
      <Filter>Header Files\thirdparty\glm\glm\gtc</Filter>
    </ClInclude>
    <ClInclude Include="thirdparty\glm\glm\gtc\random.inl">
      <Filter>thirdparty\glm\glm\gtc</Filter>
    </ClInclude>
    <ClInclude Include="thirdparty\glm\glm\gtc\reciprocal.hpp">
      <Filter>Header Files\thirdparty\glm\glm\gtc</Filter>
    </ClInclude>
    <ClInclude Include="thirdparty\glm\glm\gtc\round.hpp">
      <Filter>Header Files\thirdparty\glm\glm\gtc</Filter>
    </ClInclude>
    <ClInclude Include="thirdparty\glm\glm\gtc\round.inl">
      <Filter>thirdparty\glm\glm\gtc</Filter>
    </ClInclude>
    <ClInclude Include="thirdparty\glm\glm\gtc\type_aligned.hpp">
      <Filter>Header Files\thirdparty\glm\glm\gtc</Filter>
    </ClInclude>
    <ClInclude Include="thirdparty\glm\glm\gtc\type_precision.hpp">
      <Filter>Header Files\thirdparty\glm\glm\gtc</Filter>
    </ClInclude>
    <ClInclude Include="thirdparty\glm\glm\gtc\type_precision.inl">
      <Filter>thirdparty\glm\glm\gtc</Filter>
    </ClInclude>
    <ClInclude Include="thirdparty\glm\glm\gtc\type_ptr.hpp">
      <Filter>Header Files\thirdparty\glm\glm\gtc</Filter>
    </ClInclude>
    <ClInclude Include="thirdparty\glm\glm\gtc\type_ptr.inl">
      <Filter>thirdparty\glm\glm\gtc</Filter>
    </ClInclude>
    <ClInclude Include="thirdparty\glm\glm\gtc\ulp.hpp">
      <Filter>Header Files\thirdparty\glm\glm\gtc</Filter>
    </ClInclude>
    <ClInclude Include="thirdparty\glm\glm\gtc\ulp.inl">
      <Filter>thirdparty\glm\glm\gtc</Filter>
    </ClInclude>
    <ClInclude Include="thirdparty\glm\glm\gtc\vec1.hpp">
      <Filter>Header Files\thirdparty\glm\glm\gtc</Filter>
    </ClInclude>
    <ClInclude Include="thirdparty\glm\glm\gtx\associated_min_max.hpp">
      <Filter>Header Files\thirdparty\glm\glm\gtx</Filter>
    </ClInclude>
    <ClInclude Include="thirdparty\glm\glm\gtx\associated_min_max.inl">
      <Filter>thirdparty\glm\glm\gtx</Filter>
    </ClInclude>
    <ClInclude Include="thirdparty\glm\glm\gtx\bit.hpp">
      <Filter>Header Files\thirdparty\glm\glm\gtx</Filter>
    </ClInclude>
    <ClInclude Include="thirdparty\glm\glm\gtx\bit.inl">
      <Filter>thirdparty\glm\glm\gtx</Filter>
    </ClInclude>
    <ClInclude Include="thirdparty\glm\glm\gtx\closest_point.hpp">
      <Filter>Header Files\thirdparty\glm\glm\gtx</Filter>
    </ClInclude>
    <ClInclude Include="thirdparty\glm\glm\gtx\closest_point.inl">
      <Filter>thirdparty\glm\glm\gtx</Filter>
    </ClInclude>
    <ClInclude Include="thirdparty\glm\glm\gtx\color_encoding.hpp">
      <Filter>Header Files\thirdparty\glm\glm\gtx</Filter>
    </ClInclude>
    <ClInclude Include="thirdparty\glm\glm\gtx\color_encoding.inl">
      <Filter>thirdparty\glm\glm\gtx</Filter>
    </ClInclude>
    <ClInclude Include="thirdparty\glm\glm\gtx\color_space.hpp">
      <Filter>Header Files\thirdparty\glm\glm\gtx</Filter>
    </ClInclude>
    <ClInclude Include="thirdparty\glm\glm\gtx\color_space.inl">
      <Filter>thirdparty\glm\glm\gtx</Filter>
    </ClInclude>
    <ClInclude Include="thirdparty\glm\glm\gtx\color_space_YCoCg.hpp">
      <Filter>Header Files\thirdparty\glm\glm\gtx</Filter>
    </ClInclude>
    <ClInclude Include="thirdparty\glm\glm\gtx\color_space_YCoCg.inl">
      <Filter>thirdparty\glm\glm\gtx</Filter>
    </ClInclude>
    <ClInclude Include="thirdparty\glm\glm\gtx\common.hpp">
      <Filter>Header Files\thirdparty\glm\glm\gtx</Filter>
    </ClInclude>
    <ClInclude Include="thirdparty\glm\glm\gtx\common.inl">
      <Filter>thirdparty\glm\glm\gtx</Filter>
    </ClInclude>
    <ClInclude Include="thirdparty\glm\glm\gtx\compatibility.hpp">
      <Filter>Header Files\thirdparty\glm\glm\gtx</Filter>
    </ClInclude>
    <ClInclude Include="thirdparty\glm\glm\gtx\compatibility.inl">
      <Filter>thirdparty\glm\glm\gtx</Filter>
    </ClInclude>
    <ClInclude Include="thirdparty\glm\glm\gtx\component_wise.hpp">
      <Filter>Header Files\thirdparty\glm\glm\gtx</Filter>
    </ClInclude>
    <ClInclude Include="thirdparty\glm\glm\gtx\component_wise.inl">
      <Filter>thirdparty\glm\glm\gtx</Filter>
    </ClInclude>
    <ClInclude Include="thirdparty\glm\glm\gtx\dual_quaternion.hpp">
      <Filter>Header Files\thirdparty\glm\glm\gtx</Filter>
    </ClInclude>
    <ClInclude Include="thirdparty\glm\glm\gtx\dual_quaternion.inl">
      <Filter>thirdparty\glm\glm\gtx</Filter>
    </ClInclude>
    <ClInclude Include="thirdparty\glm\glm\gtx\easing.hpp">
      <Filter>Header Files\thirdparty\glm\glm\gtx</Filter>
    </ClInclude>
    <ClInclude Include="thirdparty\glm\glm\gtx\easing.inl">
      <Filter>thirdparty\glm\glm\gtx</Filter>
    </ClInclude>
    <ClInclude Include="thirdparty\glm\glm\gtx\euler_angles.hpp">
      <Filter>Header Files\thirdparty\glm\glm\gtx</Filter>
    </ClInclude>
    <ClInclude Include="thirdparty\glm\glm\gtx\euler_angles.inl">
      <Filter>thirdparty\glm\glm\gtx</Filter>
    </ClInclude>
    <ClInclude Include="thirdparty\glm\glm\gtx\extend.hpp">
      <Filter>Header Files\thirdparty\glm\glm\gtx</Filter>
    </ClInclude>
    <ClInclude Include="thirdparty\glm\glm\gtx\extend.inl">
      <Filter>thirdparty\glm\glm\gtx</Filter>
    </ClInclude>
    <ClInclude Include="thirdparty\glm\glm\gtx\extended_min_max.hpp">
      <Filter>Header Files\thirdparty\glm\glm\gtx</Filter>
    </ClInclude>
    <ClInclude Include="thirdparty\glm\glm\gtx\extended_min_max.inl">
      <Filter>thirdparty\glm\glm\gtx</Filter>
    </ClInclude>
    <ClInclude Include="thirdparty\glm\glm\gtx\exterior_product.hpp">
      <Filter>Header Files\thirdparty\glm\glm\gtx</Filter>
    </ClInclude>
    <ClInclude Include="thirdparty\glm\glm\gtx\exterior_product.inl">
      <Filter>thirdparty\glm\glm\gtx</Filter>
    </ClInclude>
    <ClInclude Include="thirdparty\glm\glm\gtx\fast_exponential.hpp">
      <Filter>Header Files\thirdparty\glm\glm\gtx</Filter>
    </ClInclude>
    <ClInclude Include="thirdparty\glm\glm\gtx\fast_exponential.inl">
      <Filter>thirdparty\glm\glm\gtx</Filter>
    </ClInclude>
    <ClInclude Include="thirdparty\glm\glm\gtx\fast_square_root.hpp">
      <Filter>Header Files\thirdparty\glm\glm\gtx</Filter>
    </ClInclude>
    <ClInclude Include="thirdparty\glm\glm\gtx\fast_square_root.inl">
      <Filter>thirdparty\glm\glm\gtx</Filter>
    </ClInclude>
    <ClInclude Include="thirdparty\glm\glm\gtx\fast_trigonometry.hpp">
      <Filter>Header Files\thirdparty\glm\glm\gtx</Filter>
    </ClInclude>
    <ClInclude Include="thirdparty\glm\glm\gtx\fast_trigonometry.inl">
      <Filter>thirdparty\glm\glm\gtx</Filter>
    </ClInclude>
    <ClInclude Include="thirdparty\glm\glm\gtx\float_normalize.inl">
      <Filter>thirdparty\glm\glm\gtx</Filter>
    </ClInclude>
    <ClInclude Include="thirdparty\glm\glm\gtx\functions.hpp">
      <Filter>Header Files\thirdparty\glm\glm\gtx</Filter>
    </ClInclude>
    <ClInclude Include="thirdparty\glm\glm\gtx\functions.inl">
      <Filter>thirdparty\glm\glm\gtx</Filter>
    </ClInclude>
    <ClInclude Include="thirdparty\glm\glm\gtx\gradient_paint.hpp">
      <Filter>Header Files\thirdparty\glm\glm\gtx</Filter>
    </ClInclude>
    <ClInclude Include="thirdparty\glm\glm\gtx\gradient_paint.inl">
      <Filter>thirdparty\glm\glm\gtx</Filter>
    </ClInclude>
    <ClInclude Include="thirdparty\glm\glm\gtx\handed_coordinate_space.hpp">
      <Filter>Header Files\thirdparty\glm\glm\gtx</Filter>
    </ClInclude>
    <ClInclude Include="thirdparty\glm\glm\gtx\handed_coordinate_space.inl">
      <Filter>thirdparty\glm\glm\gtx</Filter>
    </ClInclude>
    <ClInclude Include="thirdparty\glm\glm\gtx\hash.hpp">
      <Filter>Header Files\thirdparty\glm\glm\gtx</Filter>
    </ClInclude>
    <ClInclude Include="thirdparty\glm\glm\gtx\hash.inl">
      <Filter>thirdparty\glm\glm\gtx</Filter>
    </ClInclude>
    <ClInclude Include="thirdparty\glm\glm\gtx\integer.hpp">
      <Filter>Header Files\thirdparty\glm\glm\gtx</Filter>
    </ClInclude>
    <ClInclude Include="thirdparty\glm\glm\gtx\integer.inl">
      <Filter>thirdparty\glm\glm\gtx</Filter>
    </ClInclude>
    <ClInclude Include="thirdparty\glm\glm\gtx\intersect.hpp">
      <Filter>Header Files\thirdparty\glm\glm\gtx</Filter>
    </ClInclude>
    <ClInclude Include="thirdparty\glm\glm\gtx\intersect.inl">
      <Filter>thirdparty\glm\glm\gtx</Filter>
    </ClInclude>
    <ClInclude Include="thirdparty\glm\glm\gtx\io.hpp">
      <Filter>Header Files\thirdparty\glm\glm\gtx</Filter>
    </ClInclude>
    <ClInclude Include="thirdparty\glm\glm\gtx\io.inl">
      <Filter>thirdparty\glm\glm\gtx</Filter>
    </ClInclude>
    <ClInclude Include="thirdparty\glm\glm\gtx\iteration.hpp">
      <Filter>Header Files\thirdparty\glm\glm\gtx</Filter>
    </ClInclude>
    <ClInclude Include="thirdparty\glm\glm\gtx\iteration.inl">
      <Filter>thirdparty\glm\glm\gtx</Filter>
    </ClInclude>
    <ClInclude Include="thirdparty\glm\glm\gtx\log_base.hpp">
      <Filter>Header Files\thirdparty\glm\glm\gtx</Filter>
    </ClInclude>
    <ClInclude Include="thirdparty\glm\glm\gtx\log_base.inl">
      <Filter>thirdparty\glm\glm\gtx</Filter>
    </ClInclude>
    <ClInclude Include="thirdparty\glm\glm\gtx\matrix_cross_product.hpp">
      <Filter>Header Files\thirdparty\glm\glm\gtx</Filter>
    </ClInclude>
    <ClInclude Include="thirdparty\glm\glm\gtx\matrix_cross_product.inl">
      <Filter>thirdparty\glm\glm\gtx</Filter>
    </ClInclude>
    <ClInclude Include="thirdparty\glm\glm\gtx\matrix_decompose.hpp">
      <Filter>Header Files\thirdparty\glm\glm\gtx</Filter>
    </ClInclude>
    <ClInclude Include="thirdparty\glm\glm\gtx\matrix_decompose.inl">
      <Filter>thirdparty\glm\glm\gtx</Filter>
    </ClInclude>
    <ClInclude Include="thirdparty\glm\glm\gtx\matrix_factorisation.hpp">
      <Filter>Header Files\thirdparty\glm\glm\gtx</Filter>
    </ClInclude>
    <ClInclude Include="thirdparty\glm\glm\gtx\matrix_factorisation.inl">
      <Filter>thirdparty\glm\glm\gtx</Filter>
    </ClInclude>
    <ClInclude Include="thirdparty\glm\glm\gtx\matrix_interpolation.hpp">
      <Filter>Header Files\thirdparty\glm\glm\gtx</Filter>
    </ClInclude>
    <ClInclude Include="thirdparty\glm\glm\gtx\matrix_interpolation.inl">
      <Filter>thirdparty\glm\glm\gtx</Filter>
    </ClInclude>
    <ClInclude Include="thirdparty\glm\glm\gtx\matrix_major_storage.hpp">
      <Filter>Header Files\thirdparty\glm\glm\gtx</Filter>
    </ClInclude>
    <ClInclude Include="thirdparty\glm\glm\gtx\matrix_major_storage.inl">
      <Filter>thirdparty\glm\glm\gtx</Filter>
    </ClInclude>
    <ClInclude Include="thirdparty\glm\glm\gtx\matrix_operation.hpp">
      <Filter>Header Files\thirdparty\glm\glm\gtx</Filter>
    </ClInclude>
    <ClInclude Include="thirdparty\glm\glm\gtx\matrix_operation.inl">
      <Filter>thirdparty\glm\glm\gtx</Filter>
    </ClInclude>
    <ClInclude Include="thirdparty\glm\glm\gtx\matrix_query.hpp">
      <Filter>Header Files\thirdparty\glm\glm\gtx</Filter>
    </ClInclude>
    <ClInclude Include="thirdparty\glm\glm\gtx\matrix_query.inl">
      <Filter>thirdparty\glm\glm\gtx</Filter>
    </ClInclude>
    <ClInclude Include="thirdparty\glm\glm\gtx\matrix_transform_2d.hpp">
      <Filter>Header Files\thirdparty\glm\glm\gtx</Filter>
    </ClInclude>
    <ClInclude Include="thirdparty\glm\glm\gtx\matrix_transform_2d.inl">
      <Filter>thirdparty\glm\glm\gtx</Filter>
    </ClInclude>
    <ClInclude Include="thirdparty\glm\glm\gtx\mixed_product.hpp">
      <Filter>Header Files\thirdparty\glm\glm\gtx</Filter>
    </ClInclude>
    <ClInclude Include="thirdparty\glm\glm\gtx\mixed_product.inl">
      <Filter>thirdparty\glm\glm\gtx</Filter>
    </ClInclude>
    <ClInclude Include="thirdparty\glm\glm\gtx\norm.hpp">
      <Filter>Header Files\thirdparty\glm\glm\gtx</Filter>
    </ClInclude>
    <ClInclude Include="thirdparty\glm\glm\gtx\norm.inl">
      <Filter>thirdparty\glm\glm\gtx</Filter>
    </ClInclude>
    <ClInclude Include="thirdparty\glm\glm\gtx\normal.hpp">
      <Filter>Header Files\thirdparty\glm\glm\gtx</Filter>
    </ClInclude>
    <ClInclude Include="thirdparty\glm\glm\gtx\normal.inl">
      <Filter>thirdparty\glm\glm\gtx</Filter>
    </ClInclude>
    <ClInclude Include="thirdparty\glm\glm\gtx\normalize_dot.hpp">
      <Filter>Header Files\thirdparty\glm\glm\gtx</Filter>
    </ClInclude>
    <ClInclude Include="thirdparty\glm\glm\gtx\normalize_dot.inl">
      <Filter>thirdparty\glm\glm\gtx</Filter>
    </ClInclude>
    <ClInclude Include="thirdparty\glm\glm\gtx\number_precision.hpp">
      <Filter>Header Files\thirdparty\glm\glm\gtx</Filter>
    </ClInclude>
    <ClInclude Include="thirdparty\glm\glm\gtx\optimum_pow.hpp">
      <Filter>Header Files\thirdparty\glm\glm\gtx</Filter>
    </ClInclude>
    <ClInclude Include="thirdparty\glm\glm\gtx\optimum_pow.inl">
      <Filter>thirdparty\glm\glm\gtx</Filter>
    </ClInclude>
    <ClInclude Include="thirdparty\glm\glm\gtx\orthonormalize.hpp">
      <Filter>Header Files\thirdparty\glm\glm\gtx</Filter>
    </ClInclude>
    <ClInclude Include="thirdparty\glm\glm\gtx\orthonormalize.inl">
      <Filter>thirdparty\glm\glm\gtx</Filter>
    </ClInclude>
    <ClInclude Include="thirdparty\glm\glm\gtx\pca.hpp">
      <Filter>Header Files\thirdparty\glm\glm\gtx</Filter>
    </ClInclude>
    <ClInclude Include="thirdparty\glm\glm\gtx\pca.inl">
      <Filter>thirdparty\glm\glm\gtx</Filter>
    </ClInclude>
    <ClInclude Include="thirdparty\glm\glm\gtx\perpendicular.hpp">
      <Filter>Header Files\thirdparty\glm\glm\gtx</Filter>
    </ClInclude>
    <ClInclude Include="thirdparty\glm\glm\gtx\perpendicular.inl">
      <Filter>thirdparty\glm\glm\gtx</Filter>
    </ClInclude>
    <ClInclude Include="thirdparty\glm\glm\gtx\polar_coordinates.hpp">
      <Filter>Header Files\thirdparty\glm\glm\gtx</Filter>
    </ClInclude>
    <ClInclude Include="thirdparty\glm\glm\gtx\polar_coordinates.inl">
      <Filter>thirdparty\glm\glm\gtx</Filter>
    </ClInclude>
    <ClInclude Include="thirdparty\glm\glm\gtx\projection.hpp">
      <Filter>Header Files\thirdparty\glm\glm\gtx</Filter>
    </ClInclude>
    <ClInclude Include="thirdparty\glm\glm\gtx\projection.inl">
      <Filter>thirdparty\glm\glm\gtx</Filter>
    </ClInclude>
    <ClInclude Include="thirdparty\glm\glm\gtx\quaternion.hpp">
      <Filter>Header Files\thirdparty\glm\glm\gtx</Filter>
    </ClInclude>
    <ClInclude Include="thirdparty\glm\glm\gtx\quaternion.inl">
      <Filter>thirdparty\glm\glm\gtx</Filter>
    </ClInclude>
    <ClInclude Include="thirdparty\glm\glm\gtx\range.hpp">
      <Filter>Header Files\thirdparty\glm\glm\gtx</Filter>
    </ClInclude>
    <ClInclude Include="thirdparty\glm\glm\gtx\raw_data.hpp">
      <Filter>Header Files\thirdparty\glm\glm\gtx</Filter>
    </ClInclude>
    <ClInclude Include="thirdparty\glm\glm\gtx\raw_data.inl">
      <Filter>thirdparty\glm\glm\gtx</Filter>
    </ClInclude>
    <ClInclude Include="thirdparty\glm\glm\gtx\rotate_normalized_axis.hpp">
      <Filter>Header Files\thirdparty\glm\glm\gtx</Filter>
    </ClInclude>
    <ClInclude Include="thirdparty\glm\glm\gtx\rotate_normalized_axis.inl">
      <Filter>thirdparty\glm\glm\gtx</Filter>
    </ClInclude>
    <ClInclude Include="thirdparty\glm\glm\gtx\rotate_vector.hpp">
      <Filter>Header Files\thirdparty\glm\glm\gtx</Filter>
    </ClInclude>
    <ClInclude Include="thirdparty\glm\glm\gtx\rotate_vector.inl">
      <Filter>thirdparty\glm\glm\gtx</Filter>
    </ClInclude>
    <ClInclude Include="thirdparty\glm\glm\gtx\scalar_multiplication.hpp">
      <Filter>Header Files\thirdparty\glm\glm\gtx</Filter>
    </ClInclude>
    <ClInclude Include="thirdparty\glm\glm\gtx\scalar_relational.hpp">
      <Filter>Header Files\thirdparty\glm\glm\gtx</Filter>
    </ClInclude>
    <ClInclude Include="thirdparty\glm\glm\gtx\scalar_relational.inl">
      <Filter>thirdparty\glm\glm\gtx</Filter>
    </ClInclude>
    <ClInclude Include="thirdparty\glm\glm\gtx\spline.hpp">
      <Filter>Header Files\thirdparty\glm\glm\gtx</Filter>
    </ClInclude>
    <ClInclude Include="thirdparty\glm\glm\gtx\spline.inl">
      <Filter>thirdparty\glm\glm\gtx</Filter>
    </ClInclude>
    <ClInclude Include="thirdparty\glm\glm\gtx\std_based_type.hpp">
      <Filter>Header Files\thirdparty\glm\glm\gtx</Filter>
    </ClInclude>
    <ClInclude Include="thirdparty\glm\glm\gtx\std_based_type.inl">
      <Filter>thirdparty\glm\glm\gtx</Filter>
    </ClInclude>
    <ClInclude Include="thirdparty\glm\glm\gtx\string_cast.hpp">
      <Filter>Header Files\thirdparty\glm\glm\gtx</Filter>
    </ClInclude>
    <ClInclude Include="thirdparty\glm\glm\gtx\string_cast.inl">
      <Filter>thirdparty\glm\glm\gtx</Filter>
    </ClInclude>
    <ClInclude Include="thirdparty\glm\glm\gtx\structured_bindings.hpp">
      <Filter>Header Files\thirdparty\glm\glm\gtx</Filter>
    </ClInclude>
    <ClInclude Include="thirdparty\glm\glm\gtx\structured_bindings.inl">
      <Filter>thirdparty\glm\glm\gtx</Filter>
    </ClInclude>
    <ClInclude Include="thirdparty\glm\glm\gtx\texture.hpp">
      <Filter>Header Files\thirdparty\glm\glm\gtx</Filter>
    </ClInclude>
    <ClInclude Include="thirdparty\glm\glm\gtx\texture.inl">
      <Filter>thirdparty\glm\glm\gtx</Filter>
    </ClInclude>
    <ClInclude Include="thirdparty\glm\glm\gtx\transform.hpp">
      <Filter>Header Files\thirdparty\glm\glm\gtx</Filter>
    </ClInclude>
    <ClInclude Include="thirdparty\glm\glm\gtx\transform.inl">
      <Filter>thirdparty\glm\glm\gtx</Filter>
    </ClInclude>
    <ClInclude Include="thirdparty\glm\glm\gtx\transform2.hpp">
      <Filter>Header Files\thirdparty\glm\glm\gtx</Filter>
    </ClInclude>
    <ClInclude Include="thirdparty\glm\glm\gtx\transform2.inl">
      <Filter>thirdparty\glm\glm\gtx</Filter>
    </ClInclude>
    <ClInclude Include="thirdparty\glm\glm\gtx\type_aligned.hpp">
      <Filter>Header Files\thirdparty\glm\glm\gtx</Filter>
    </ClInclude>
    <ClInclude Include="thirdparty\glm\glm\gtx\type_aligned.inl">
      <Filter>thirdparty\glm\glm\gtx</Filter>
    </ClInclude>
    <ClInclude Include="thirdparty\glm\glm\gtx\type_trait.hpp">
      <Filter>Header Files\thirdparty\glm\glm\gtx</Filter>
    </ClInclude>
    <ClInclude Include="thirdparty\glm\glm\gtx\type_trait.inl">
      <Filter>thirdparty\glm\glm\gtx</Filter>
    </ClInclude>
    <ClInclude Include="thirdparty\glm\glm\gtx\vec_swizzle.hpp">
      <Filter>Header Files\thirdparty\glm\glm\gtx</Filter>
    </ClInclude>
    <ClInclude Include="thirdparty\glm\glm\gtx\vector_angle.hpp">
      <Filter>Header Files\thirdparty\glm\glm\gtx</Filter>
    </ClInclude>
    <ClInclude Include="thirdparty\glm\glm\gtx\vector_angle.inl">
      <Filter>thirdparty\glm\glm\gtx</Filter>
    </ClInclude>
    <ClInclude Include="thirdparty\glm\glm\gtx\vector_query.hpp">
      <Filter>Header Files\thirdparty\glm\glm\gtx</Filter>
    </ClInclude>
    <ClInclude Include="thirdparty\glm\glm\gtx\vector_query.inl">
      <Filter>thirdparty\glm\glm\gtx</Filter>
    </ClInclude>
    <ClInclude Include="thirdparty\glm\glm\gtx\wrap.hpp">
      <Filter>Header Files\thirdparty\glm\glm\gtx</Filter>
    </ClInclude>
    <ClInclude Include="thirdparty\glm\glm\gtx\wrap.inl">
      <Filter>thirdparty\glm\glm\gtx</Filter>
    </ClInclude>
    <ClInclude Include="thirdparty\glm\glm\integer.hpp">
      <Filter>Header Files\thirdparty\glm\glm</Filter>
    </ClInclude>
    <ClInclude Include="thirdparty\glm\glm\mat2x2.hpp">
      <Filter>Header Files\thirdparty\glm\glm</Filter>
    </ClInclude>
    <ClInclude Include="thirdparty\glm\glm\mat2x3.hpp">
      <Filter>Header Files\thirdparty\glm\glm</Filter>
    </ClInclude>
    <ClInclude Include="thirdparty\glm\glm\mat2x4.hpp">
      <Filter>Header Files\thirdparty\glm\glm</Filter>
    </ClInclude>
    <ClInclude Include="thirdparty\glm\glm\mat3x2.hpp">
      <Filter>Header Files\thirdparty\glm\glm</Filter>
    </ClInclude>
    <ClInclude Include="thirdparty\glm\glm\mat3x3.hpp">
      <Filter>Header Files\thirdparty\glm\glm</Filter>
    </ClInclude>
    <ClInclude Include="thirdparty\glm\glm\mat3x4.hpp">
      <Filter>Header Files\thirdparty\glm\glm</Filter>
    </ClInclude>
    <ClInclude Include="thirdparty\glm\glm\mat4x2.hpp">
      <Filter>Header Files\thirdparty\glm\glm</Filter>
    </ClInclude>
    <ClInclude Include="thirdparty\glm\glm\mat4x3.hpp">
      <Filter>Header Files\thirdparty\glm\glm</Filter>
    </ClInclude>
    <ClInclude Include="thirdparty\glm\glm\mat4x4.hpp">
      <Filter>Header Files\thirdparty\glm\glm</Filter>
    </ClInclude>
    <ClInclude Include="thirdparty\glm\glm\matrix.hpp">
      <Filter>Header Files\thirdparty\glm\glm</Filter>
    </ClInclude>
    <ClInclude Include="thirdparty\glm\glm\packing.hpp">
      <Filter>Header Files\thirdparty\glm\glm</Filter>
    </ClInclude>
    <ClInclude Include="thirdparty\glm\glm\trigonometric.hpp">
      <Filter>Header Files\thirdparty\glm\glm</Filter>
    </ClInclude>
    <ClInclude Include="thirdparty\glm\glm\vec2.hpp">
      <Filter>Header Files\thirdparty\glm\glm</Filter>
    </ClInclude>
    <ClInclude Include="thirdparty\glm\glm\vec3.hpp">
      <Filter>Header Files\thirdparty\glm\glm</Filter>
    </ClInclude>
    <ClInclude Include="thirdparty\glm\glm\vec4.hpp">
      <Filter>Header Files\thirdparty\glm\glm</Filter>
    </ClInclude>
    <ClInclude Include="thirdparty\glm\glm\vector_relational.hpp">
      <Filter>Header Files\thirdparty\glm\glm</Filter>
    </ClInclude>
    <ClInclude Include="thirdparty\stb_image\stb_image.h">
      <Filter>Header Files\thirdparty\stb_image</Filter>
    </ClInclude>
    <ClInclude Include="src\engine\math\Math.h" />
  </ItemGroup>
  <ItemGroup>
    <ClCompile Include="src\engine\ECS\EntityManager.cpp">
      <Filter>Source Files\src\engine\ECS</Filter>
    </ClCompile>
    <ClCompile Include="src\engine\ECS\Registry.cpp">
      <Filter>Source Files\src\engine\ECS</Filter>
    </ClCompile>
    <ClCompile Include="src\engine\audio\Audio.cpp">
      <Filter>Source Files\src\engine\audio</Filter>
    </ClCompile>
    <ClCompile Include="src\engine\core\Application.cpp">
      <Filter>Source Files\src\engine\core</Filter>
    </ClCompile>
    <ClCompile Include="src\engine\core\Layer.cpp">
      <Filter>Source Files\src\engine\core</Filter>
    </ClCompile>
    <ClCompile Include="src\engine\core\LayerStack.cpp">
      <Filter>Source Files\src\engine\core</Filter>
    </ClCompile>
    <ClCompile Include="src\engine\core\Log.cpp">
      <Filter>Source Files\src\engine\core</Filter>
    </ClCompile>
    <ClCompile Include="src\engine\core\Window.cpp">
      <Filter>Source Files\src\engine\core</Filter>
    </ClCompile>
    <ClCompile Include="src\engine\imGui\ImGuiBuild.cpp">
      <Filter>Source Files\src\engine\imGui</Filter>
    </ClCompile>
    <ClCompile Include="src\engine\imGui\ImGuiLayer.cpp">
      <Filter>Source Files\src\engine\imGui</Filter>
    </ClCompile>
    <ClCompile Include="src\engine\renderer\Buffer.cpp">
      <Filter>Source Files\src\engine\renderer</Filter>
    </ClCompile>
    <ClCompile Include="src\engine\renderer\Framebuffer.cpp">
      <Filter>Source Files\src\engine\renderer</Filter>
    </ClCompile>
    <ClCompile Include="src\engine\renderer\GraphicsContext.cpp">
      <Filter>Source Files\src\engine\renderer</Filter>
    </ClCompile>
    <ClCompile Include="src\engine\renderer\OrthographicCamera.cpp">
      <Filter>Source Files\src\engine\renderer</Filter>
    </ClCompile>
    <ClCompile Include="src\engine\renderer\RenderCommand.cpp">
      <Filter>Source Files\src\engine\renderer</Filter>
    </ClCompile>
    <ClCompile Include="src\engine\renderer\Renderer.cpp">
      <Filter>Source Files\src\engine\renderer</Filter>
    </ClCompile>
    <ClCompile Include="src\engine\renderer\Renderer2D.cpp">
      <Filter>Source Files\src\engine\renderer</Filter>
    </ClCompile>
    <ClCompile Include="src\engine\renderer\RendererAPI.cpp">
      <Filter>Source Files\src\engine\renderer</Filter>
    </ClCompile>
    <ClCompile Include="src\engine\renderer\Shader.cpp">
      <Filter>Source Files\src\engine\renderer</Filter>
    </ClCompile>
    <ClCompile Include="src\engine\renderer\Texture.cpp">
      <Filter>Source Files\src\engine\renderer</Filter>
    </ClCompile>
    <ClCompile Include="src\engine\renderer\VertexArray.cpp">
      <Filter>Source Files\src\engine\renderer</Filter>
    </ClCompile>
    <ClCompile Include="src\engine\scene\Entity.cpp">
      <Filter>Source Files\src\engine\scene</Filter>
    </ClCompile>
    <ClCompile Include="src\engine\scene\Scene.cpp">
      <Filter>Source Files\src\engine\scene</Filter>
    </ClCompile>
    <ClCompile Include="src\engine\scene\SceneCamera.cpp">
      <Filter>Source Files\src\engine\scene</Filter>
    </ClCompile>
    <ClCompile Include="src\engine\scene\SceneSerializer.cpp">
      <Filter>Source Files\src\engine\scene</Filter>
    </ClCompile>
    <ClCompile Include="src\engine\utils\Random.cpp">
      <Filter>Source Files\src\engine\utils</Filter>
    </ClCompile>
    <ClCompile Include="src\engine\utils\WindowsPlatformUtils.cpp">
      <Filter>Source Files\src\engine\utils</Filter>
    </ClCompile>
    <ClCompile Include="src\platform\openGL\OpenGLBuffer.cpp">
      <Filter>Source Files\src\platform\openGL</Filter>
    </ClCompile>
    <ClCompile Include="src\platform\openGL\OpenGLContext.cpp">
      <Filter>Source Files\src\platform\openGL</Filter>
    </ClCompile>
    <ClCompile Include="src\platform\openGL\OpenGLFramebuffer.cpp">
      <Filter>Source Files\src\platform\openGL</Filter>
    </ClCompile>
    <ClCompile Include="src\platform\openGL\OpenGLRendererAPI.cpp">
      <Filter>Source Files\src\platform\openGL</Filter>
    </ClCompile>
    <ClCompile Include="src\platform\openGL\OpenGLShader.cpp">
      <Filter>Source Files\src\platform\openGL</Filter>
    </ClCompile>
    <ClCompile Include="src\platform\openGL\OpenGLTexture.cpp">
      <Filter>Source Files\src\platform\openGL</Filter>
    </ClCompile>
    <ClCompile Include="src\platform\openGL\OpenGLVertexArray.cpp">
      <Filter>Source Files\src\platform\openGL</Filter>
    </ClCompile>
    <ClCompile Include="src\platform\windows\WindowsInput.cpp">
      <Filter>Source Files\src\platform\windows</Filter>
    </ClCompile>
    <ClCompile Include="src\platform\windows\WindowsWindow.cpp">
      <Filter>Source Files\src\platform\windows</Filter>
    </ClCompile>
    <ClCompile Include="src\polpch.cpp">
      <Filter>Source Files\src</Filter>
    </ClCompile>
    <ClCompile Include="thirdparty\ImGuizmo\ImCurveEdit.cpp">
      <Filter>Source Files\thirdparty\ImGuizmo</Filter>
    </ClCompile>
    <ClCompile Include="thirdparty\ImGuizmo\ImGradient.cpp">
      <Filter>Source Files\thirdparty\ImGuizmo</Filter>
    </ClCompile>
    <ClCompile Include="thirdparty\ImGuizmo\ImGuizmo.cpp">
      <Filter>Source Files\thirdparty\ImGuizmo</Filter>
    </ClCompile>
    <ClCompile Include="thirdparty\ImGuizmo\ImSequencer.cpp">
      <Filter>Source Files\thirdparty\ImGuizmo</Filter>
    </ClCompile>
    <ClCompile Include="thirdparty\ImGuizmo\example\imgui.cpp">
      <Filter>Source Files\thirdparty\ImGuizmo\example</Filter>
    </ClCompile>
    <ClCompile Include="thirdparty\ImGuizmo\example\imgui_draw.cpp">
      <Filter>Source Files\thirdparty\ImGuizmo\example</Filter>
    </ClCompile>
    <ClCompile Include="thirdparty\ImGuizmo\example\imgui_widgets.cpp">
      <Filter>Source Files\thirdparty\ImGuizmo\example</Filter>
    </ClCompile>
    <ClCompile Include="thirdparty\ImGuizmo\example\main.cpp">
      <Filter>Source Files\thirdparty\ImGuizmo\example</Filter>
    </ClCompile>
    <ClCompile Include="thirdparty\stb_image\stb_image.cpp">
      <Filter>Source Files\thirdparty\stb_image</Filter>
    </ClCompile>
    <ClCompile Include="src\engine\math\Math.cpp" />
  </ItemGroup>
</Project>