<?xml version="1.0" encoding="utf-8"?>
<Project ToolsVersion="4.0" xmlns="http://schemas.microsoft.com/developer/msbuild/2003">
  <ItemGroup>
    <Filter Include="Source Files">
      <UniqueIdentifier>{E9C7FDCE-D52A-8D73-7EB0-C5296AF258F6}</UniqueIdentifier>
    </Filter>
    <Filter Include="Source Files\src">
      <UniqueIdentifier>{80521D27-6C4B-3C79-957D-21FE81D51B85}</UniqueIdentifier>
    </Filter>
    <Filter Include="Source Files\src\engine">
      <UniqueIdentifier>{258122B1-91B8-6A48-9AC2-CE6B06799141}</UniqueIdentifier>
    </Filter>
    <Filter Include="Source Files\src\engine\core">
      <UniqueIdentifier>{BDB0B4F9-A96B-A4A5-5223-1DF03EBDEE35}</UniqueIdentifier>
    </Filter>
    <Filter Include="Source Files\src\engine\imGui">
      <UniqueIdentifier>{2F8EB530-9BA6-9C5A-6453-2CF4D02A31F4}</UniqueIdentifier>
    </Filter>
    <Filter Include="Source Files\src\engine\renderer">
      <UniqueIdentifier>{8B7AD0FE-77CB-BB40-A02F-AA028CDF4EAA}</UniqueIdentifier>
    </Filter>
    <Filter Include="Source Files\src\platform">
      <UniqueIdentifier>{F4FA6A03-60BD-9E8D-A96D-2D1A156F776B}</UniqueIdentifier>
    </Filter>
    <Filter Include="Source Files\src\platform\openGL">
      <UniqueIdentifier>{C85DCE6D-B4AE-B9AF-DD12-A871C9C24C19}</UniqueIdentifier>
    </Filter>
    <Filter Include="Source Files\src\platform\windows">
      <UniqueIdentifier>{4EF1B57F-BA5F-0BFF-0349-C6FE6FF6009B}</UniqueIdentifier>
    </Filter>
    <Filter Include="Source Files\thirdparty">
      <UniqueIdentifier>{437125D5-AFA8-6D6C-B8B2-D18F24699465}</UniqueIdentifier>
    </Filter>
    <Filter Include="Source Files\thirdparty\stb_image">
      <UniqueIdentifier>{9DD16497-0940-BA16-5229-7516BED6AFB2}</UniqueIdentifier>
    </Filter>
    <Filter Include="Header Files">
      <UniqueIdentifier>{21EB8090-0D4E-1035-B6D3-48EBA215DCB7}</UniqueIdentifier>
    </Filter>
    <Filter Include="Header Files\src">
      <UniqueIdentifier>{B8516F6F-A44A-8EC1-CD7C-7346B9D46DCD}</UniqueIdentifier>
    </Filter>
    <Filter Include="Header Files\src\engine">
      <UniqueIdentifier>{5D31C695-C968-0E2D-D272-72503E293526}</UniqueIdentifier>
    </Filter>
    <Filter Include="Header Files\src\engine\core">
      <UniqueIdentifier>{F543C74A-E1FE-B6F6-8AB6-2F4176500187}</UniqueIdentifier>
    </Filter>
    <Filter Include="Header Files\src\engine\events">
      <UniqueIdentifier>{C126CA1E-AD4C-9485-9692-19518257B951}</UniqueIdentifier>
    </Filter>
    <Filter Include="Header Files\src\engine\imGui">
      <UniqueIdentifier>{67881AA4-D3A0-01CE-9C4D-916708259667}</UniqueIdentifier>
    </Filter>
    <Filter Include="Header Files\src\engine\renderer">
      <UniqueIdentifier>{C3E9E9F0-AF3A-D532-D89E-C3F4C44E689C}</UniqueIdentifier>
    </Filter>
    <Filter Include="Header Files\src\platform">
      <UniqueIdentifier>{2C99BB9F-985B-EF29-E10B-7EB64D0DC807}</UniqueIdentifier>
    </Filter>
    <Filter Include="Header Files\src\platform\openGL">
      <UniqueIdentifier>{00CDE75F-EC1D-D3A1-1582-C1630132660B}</UniqueIdentifier>
    </Filter>
    <Filter Include="Header Files\src\platform\windows">
      <UniqueIdentifier>{8647FDB4-F2B5-5234-3B9F-0D34A74C48D0}</UniqueIdentifier>
    </Filter>
    <Filter Include="Header Files\thirdparty">
      <UniqueIdentifier>{7B21C9B9-E758-1151-F062-75745C19384A}</UniqueIdentifier>
    </Filter>
    <Filter Include="Header Files\thirdparty\stb_image">
      <UniqueIdentifier>{D527ACCC-4196-014C-8A7F-BC4BF62CF7E7}</UniqueIdentifier>
    </Filter>
  </ItemGroup>
  <ItemGroup>
    <ClInclude Include="src\Polarity.h">
      <Filter>Header Files\src</Filter>
    </ClInclude>
    <ClInclude Include="src\engine\core\Application.h">
      <Filter>Header Files\src\engine\core</Filter>
    </ClInclude>
    <ClInclude Include="src\engine\core\Core.h">
      <Filter>Header Files\src\engine\core</Filter>
    </ClInclude>
    <ClInclude Include="src\engine\core\EntryPoint.h">
      <Filter>Header Files\src\engine\core</Filter>
    </ClInclude>
    <ClInclude Include="src\engine\core\Input.h">
      <Filter>Header Files\src\engine\core</Filter>
    </ClInclude>
    <ClInclude Include="src\engine\core\Keycodes.h">
      <Filter>Header Files\src\engine\core</Filter>
    </ClInclude>
    <ClInclude Include="src\engine\core\Layer.h">
      <Filter>Header Files\src\engine\core</Filter>
    </ClInclude>
    <ClInclude Include="src\engine\core\LayerStack.h">
      <Filter>Header Files\src\engine\core</Filter>
    </ClInclude>
    <ClInclude Include="src\engine\core\Log.h">
      <Filter>Header Files\src\engine\core</Filter>
    </ClInclude>
    <ClInclude Include="src\engine\core\Timestep.h">
      <Filter>Header Files\src\engine\core</Filter>
    </ClInclude>
    <ClInclude Include="src\engine\core\Window.h">
      <Filter>Header Files\src\engine\core</Filter>
    </ClInclude>
    <ClInclude Include="src\engine\events\ApplicationEvent.h">
      <Filter>Header Files\src\engine\events</Filter>
    </ClInclude>
    <ClInclude Include="src\engine\events\Event.h">
      <Filter>Header Files\src\engine\events</Filter>
    </ClInclude>
    <ClInclude Include="src\engine\events\KeyEvent.h">
      <Filter>Header Files\src\engine\events</Filter>
    </ClInclude>
    <ClInclude Include="src\engine\events\MouseEvent.h">
      <Filter>Header Files\src\engine\events</Filter>
    </ClInclude>
    <ClInclude Include="src\engine\imGui\ImGuiLayer.h">
      <Filter>Header Files\src\engine\imGui</Filter>
    </ClInclude>
    <ClInclude Include="src\engine\renderer\Buffer.h">
      <Filter>Header Files\src\engine\renderer</Filter>
    </ClInclude>
    <ClInclude Include="src\engine\renderer\GraphicsContext.h">
      <Filter>Header Files\src\engine\renderer</Filter>
    </ClInclude>
    <ClInclude Include="src\engine\renderer\OrthographicCamera.h">
      <Filter>Header Files\src\engine\renderer</Filter>
    </ClInclude>
    <ClInclude Include="src\engine\renderer\RenderCommand.h">
      <Filter>Header Files\src\engine\renderer</Filter>
    </ClInclude>
    <ClInclude Include="src\engine\renderer\Renderer.h">
      <Filter>Header Files\src\engine\renderer</Filter>
    </ClInclude>
    <ClInclude Include="src\engine\renderer\RendererAPI.h">
      <Filter>Header Files\src\engine\renderer</Filter>
    </ClInclude>
    <ClInclude Include="src\engine\renderer\Shader.h">
      <Filter>Header Files\src\engine\renderer</Filter>
    </ClInclude>
    <ClInclude Include="src\engine\renderer\Texture.h">
      <Filter>Header Files\src\engine\renderer</Filter>
    </ClInclude>
    <ClInclude Include="src\engine\renderer\VertexArray.h">
      <Filter>Header Files\src\engine\renderer</Filter>
    </ClInclude>
    <ClInclude Include="src\platform\openGL\OpenGLBuffer.h">
      <Filter>Header Files\src\platform\openGL</Filter>
    </ClInclude>
    <ClInclude Include="src\platform\openGL\OpenGLContext.h">
      <Filter>Header Files\src\platform\openGL</Filter>
    </ClInclude>
    <ClInclude Include="src\platform\openGL\OpenGLRendererAPI.h">
      <Filter>Header Files\src\platform\openGL</Filter>
    </ClInclude>
    <ClInclude Include="src\platform\openGL\OpenGLShader.h">
      <Filter>Header Files\src\platform\openGL</Filter>
    </ClInclude>
    <ClInclude Include="src\platform\openGL\OpenGLTexture.h">
      <Filter>Header Files\src\platform\openGL</Filter>
    </ClInclude>
    <ClInclude Include="src\platform\openGL\OpenGLVertexArray.h">
      <Filter>Header Files\src\platform\openGL</Filter>
    </ClInclude>
    <ClInclude Include="src\platform\windows\WindowsWindow.h">
      <Filter>Header Files\src\platform\windows</Filter>
    </ClInclude>
    <ClInclude Include="src\polpch.h">
      <Filter>Header Files\src</Filter>
    </ClInclude>
    <ClInclude Include="thirdparty\stb_image\stb_image.h">
      <Filter>Header Files\thirdparty\stb_image</Filter>
    </ClInclude>
  </ItemGroup>
  <ItemGroup>
    <ClCompile Include="src\engine\core\Application.cpp">
      <Filter>Source Files\src\engine\core</Filter>
    </ClCompile>
    <ClCompile Include="src\engine\core\Layer.cpp">
      <Filter>Source Files\src\engine\core</Filter>
    </ClCompile>
    <ClCompile Include="src\engine\core\LayerStack.cpp">
      <Filter>Source Files\src\engine\core</Filter>
    </ClCompile>
    <ClCompile Include="src\engine\core\Log.cpp">
      <Filter>Source Files\src\engine\core</Filter>
    </ClCompile>
    <ClCompile Include="src\engine\core\Window.cpp">
      <Filter>Source Files\src\engine\core</Filter>
    </ClCompile>
    <ClCompile Include="src\engine\imGui\ImGuiBuild.cpp">
      <Filter>Source Files\src\engine\imGui</Filter>
    </ClCompile>
    <ClCompile Include="src\engine\imGui\ImGuiLayer.cpp">
      <Filter>Source Files\src\engine\imGui</Filter>
    </ClCompile>
    <ClCompile Include="src\engine\renderer\Buffer.cpp">
      <Filter>Source Files\src\engine\renderer</Filter>
    </ClCompile>
    <ClCompile Include="src\engine\renderer\GraphicsContext.cpp">
      <Filter>Source Files\src\engine\renderer</Filter>
    </ClCompile>
    <ClCompile Include="src\engine\renderer\OrthographicCamera.cpp">
      <Filter>Source Files\src\engine\renderer</Filter>
    </ClCompile>
    <ClCompile Include="src\engine\renderer\RenderCommand.cpp">
      <Filter>Source Files\src\engine\renderer</Filter>
    </ClCompile>
    <ClCompile Include="src\engine\renderer\Renderer.cpp">
      <Filter>Source Files\src\engine\renderer</Filter>
    </ClCompile>
    <ClCompile Include="src\engine\renderer\RendererAPI.cpp">
      <Filter>Source Files\src\engine\renderer</Filter>
    </ClCompile>
    <ClCompile Include="src\engine\renderer\Shader.cpp">
      <Filter>Source Files\src\engine\renderer</Filter>
    </ClCompile>
    <ClCompile Include="src\engine\renderer\Texture.cpp">
      <Filter>Source Files\src\engine\renderer</Filter>
    </ClCompile>
    <ClCompile Include="src\engine\renderer\VertexArray.cpp">
      <Filter>Source Files\src\engine\renderer</Filter>
    </ClCompile>
    <ClCompile Include="src\platform\openGL\OpenGLBuffer.cpp">
      <Filter>Source Files\src\platform\openGL</Filter>
    </ClCompile>
    <ClCompile Include="src\platform\openGL\OpenGLContext.cpp">
      <Filter>Source Files\src\platform\openGL</Filter>
    </ClCompile>
    <ClCompile Include="src\platform\openGL\OpenGLRendererAPI.cpp">
      <Filter>Source Files\src\platform\openGL</Filter>
    </ClCompile>
    <ClCompile Include="src\platform\openGL\OpenGLShader.cpp">
      <Filter>Source Files\src\platform\openGL</Filter>
    </ClCompile>
    <ClCompile Include="src\platform\openGL\OpenGLTexture.cpp">
      <Filter>Source Files\src\platform\openGL</Filter>
    </ClCompile>
    <ClCompile Include="src\platform\openGL\OpenGLVertexArray.cpp">
      <Filter>Source Files\src\platform\openGL</Filter>
    </ClCompile>
    <ClCompile Include="src\platform\windows\WindowsInput.cpp">
      <Filter>Source Files\src\platform\windows</Filter>
    </ClCompile>
    <ClCompile Include="src\platform\windows\WindowsWindow.cpp">
      <Filter>Source Files\src\platform\windows</Filter>
    </ClCompile>
    <ClCompile Include="src\polpch.cpp">
      <Filter>Source Files\src</Filter>
    </ClCompile>
    <ClCompile Include="thirdparty\stb_image\stb_image.cpp">
      <Filter>Source Files\thirdparty\stb_image</Filter>
    </ClCompile>
  </ItemGroup>
</Project>